// !$*UTF8*$!
{
	archiveVersion = 1;
	classes = {
	};
	objectVersion = 46;
	objects = {

/* Begin PBXBuildFile section */
		1773ED07182DA248009847EA /* drum.png in Resources */ = {isa = PBXBuildFile; fileRef = 1773ED03182DA248009847EA /* drum.png */; };
		1773ED08182DA248009847EA /* guitar.png in Resources */ = {isa = PBXBuildFile; fileRef = 1773ED04182DA248009847EA /* guitar.png */; };
		1773ED09182DA248009847EA /* microphone.png in Resources */ = {isa = PBXBuildFile; fileRef = 1773ED05182DA248009847EA /* microphone.png */; };
		1773ED0A182DA248009847EA /* piano.png in Resources */ = {isa = PBXBuildFile; fileRef = 1773ED06182DA248009847EA /* piano.png */; };
		1773ED0C182DA858009847EA /* treble.png in Resources */ = {isa = PBXBuildFile; fileRef = 1773ED0B182DA858009847EA /* treble.png */; };
		1773ED0E182DA86F009847EA /* bass.png in Resources */ = {isa = PBXBuildFile; fileRef = 1773ED0D182DA86F009847EA /* bass.png */; };
		178341B8182ABD4700ADF751 /* KVMSwitch.m in Sources */ = {isa = PBXBuildFile; fileRef = 178341B7182ABD4700ADF751 /* KVMSwitch.m */; };
		178341C3182B382D00ADF751 /* 3C.wav in Resources */ = {isa = PBXBuildFile; fileRef = 178341C2182B382D00ADF751 /* 3C.wav */; };
		178341C6182B4CBF00ADF751 /* KVMLayer.m in Sources */ = {isa = PBXBuildFile; fileRef = 178341C5182B4CBF00ADF751 /* KVMLayer.m */; };
		17A2FC2618309140008515F1 /* AVFoundation.framework in Frameworks */ = {isa = PBXBuildFile; fileRef = 17A2FC2518309140008515F1 /* AVFoundation.framework */; };
		17A2FC2C183091CC008515F1 /* SoundManager.m in Sources */ = {isa = PBXBuildFile; fileRef = 17A2FC2B183091CC008515F1 /* SoundManager.m */; };
		17B4498618260E4E002D31C6 /* Foundation.framework in Frameworks */ = {isa = PBXBuildFile; fileRef = 17B4498518260E4E002D31C6 /* Foundation.framework */; };
		17B4498818260E4E002D31C6 /* CoreGraphics.framework in Frameworks */ = {isa = PBXBuildFile; fileRef = 17B4498718260E4E002D31C6 /* CoreGraphics.framework */; };
		17B4498A18260E4E002D31C6 /* UIKit.framework in Frameworks */ = {isa = PBXBuildFile; fileRef = 17B4498918260E4E002D31C6 /* UIKit.framework */; };
		17B4499018260E4E002D31C6 /* InfoPlist.strings in Resources */ = {isa = PBXBuildFile; fileRef = 17B4498E18260E4E002D31C6 /* InfoPlist.strings */; };
		17B4499218260E4E002D31C6 /* main.m in Sources */ = {isa = PBXBuildFile; fileRef = 17B4499118260E4E002D31C6 /* main.m */; };
		17B4499618260E4E002D31C6 /* KVMAppDelegate.m in Sources */ = {isa = PBXBuildFile; fileRef = 17B4499518260E4E002D31C6 /* KVMAppDelegate.m */; };
		17B4499818260E4E002D31C6 /* Images.xcassets in Resources */ = {isa = PBXBuildFile; fileRef = 17B4499718260E4E002D31C6 /* Images.xcassets */; };
		17B4499F18260E4E002D31C6 /* XCTest.framework in Frameworks */ = {isa = PBXBuildFile; fileRef = 17B4499E18260E4E002D31C6 /* XCTest.framework */; };
		17B449A018260E4E002D31C6 /* Foundation.framework in Frameworks */ = {isa = PBXBuildFile; fileRef = 17B4498518260E4E002D31C6 /* Foundation.framework */; };
		17B449A118260E4E002D31C6 /* UIKit.framework in Frameworks */ = {isa = PBXBuildFile; fileRef = 17B4498918260E4E002D31C6 /* UIKit.framework */; };
		17B449A918260E4E002D31C6 /* InfoPlist.strings in Resources */ = {isa = PBXBuildFile; fileRef = 17B449A718260E4E002D31C6 /* InfoPlist.strings */; };
		17B449AB18260E4E002D31C6 /* TenorionTests.m in Sources */ = {isa = PBXBuildFile; fileRef = 17B449AA18260E4E002D31C6 /* TenorionTests.m */; };
		17B449B718260EE2002D31C6 /* KVMMainViewController.m in Sources */ = {isa = PBXBuildFile; fileRef = 17B449B518260EE2002D31C6 /* KVMMainViewController.m */; };
		17B449B818260EE2002D31C6 /* KVMMainViewController.xib in Resources */ = {isa = PBXBuildFile; fileRef = 17B449B618260EE2002D31C6 /* KVMMainViewController.xib */; };
		17CA69CC182C3AC500D85596 /* KVMPlayer.m in Sources */ = {isa = PBXBuildFile; fileRef = 17CA69CB182C3AC500D85596 /* KVMPlayer.m */; };
		17CA69CF182C3B5600D85596 /* KVMLayerManager.m in Sources */ = {isa = PBXBuildFile; fileRef = 17CA69CE182C3B5600D85596 /* KVMLayerManager.m */; };
		17CA69DD182CA4A500D85596 /* arrow.png in Resources */ = {isa = PBXBuildFile; fileRef = 17CA69DC182CA4A500D85596 /* arrow.png */; };
		17CA69E1182CBD1900D85596 /* KVMOptionsViewController.m in Sources */ = {isa = PBXBuildFile; fileRef = 17CA69DF182CBD1900D85596 /* KVMOptionsViewController.m */; };
		17CA69E2182CBD1900D85596 /* KVMOptionsViewController.xib in Resources */ = {isa = PBXBuildFile; fileRef = 17CA69E0182CBD1900D85596 /* KVMOptionsViewController.xib */; };
/* End PBXBuildFile section */

/* Begin PBXContainerItemProxy section */
		17B449A218260E4E002D31C6 /* PBXContainerItemProxy */ = {
			isa = PBXContainerItemProxy;
			containerPortal = 17B4497A18260E4E002D31C6 /* Project object */;
			proxyType = 1;
			remoteGlobalIDString = 17B4498118260E4E002D31C6;
			remoteInfo = Tenorion;
		};
/* End PBXContainerItemProxy section */

/* Begin PBXFileReference section */
		1773ED03182DA248009847EA /* drum.png */ = {isa = PBXFileReference; lastKnownFileType = image.png; path = drum.png; sourceTree = "<group>"; };
		1773ED04182DA248009847EA /* guitar.png */ = {isa = PBXFileReference; lastKnownFileType = image.png; path = guitar.png; sourceTree = "<group>"; };
		1773ED05182DA248009847EA /* microphone.png */ = {isa = PBXFileReference; lastKnownFileType = image.png; path = microphone.png; sourceTree = "<group>"; };
		1773ED06182DA248009847EA /* piano.png */ = {isa = PBXFileReference; lastKnownFileType = image.png; path = piano.png; sourceTree = "<group>"; };
		1773ED0B182DA858009847EA /* treble.png */ = {isa = PBXFileReference; lastKnownFileType = image.png; path = treble.png; sourceTree = "<group>"; };
		1773ED0D182DA86F009847EA /* bass.png */ = {isa = PBXFileReference; lastKnownFileType = image.png; path = bass.png; sourceTree = "<group>"; };
		178341B6182ABD4700ADF751 /* KVMSwitch.h */ = {isa = PBXFileReference; fileEncoding = 4; lastKnownFileType = sourcecode.c.h; path = KVMSwitch.h; sourceTree = "<group>"; };
		178341B7182ABD4700ADF751 /* KVMSwitch.m */ = {isa = PBXFileReference; fileEncoding = 4; lastKnownFileType = sourcecode.c.objc; path = KVMSwitch.m; sourceTree = "<group>"; };
		178341BC182AE33000ADF751 /* AudioToolbox.framework */ = {isa = PBXFileReference; lastKnownFileType = wrapper.framework; name = AudioToolbox.framework; path = System/Library/Frameworks/AudioToolbox.framework; sourceTree = SDKROOT; };
		178341C2182B382D00ADF751 /* 3C.wav */ = {isa = PBXFileReference; lastKnownFileType = audio.wav; path = 3C.wav; sourceTree = "<group>"; };
		178341C4182B4CBF00ADF751 /* KVMLayer.h */ = {isa = PBXFileReference; fileEncoding = 4; lastKnownFileType = sourcecode.c.h; path = KVMLayer.h; sourceTree = "<group>"; };
		178341C5182B4CBF00ADF751 /* KVMLayer.m */ = {isa = PBXFileReference; fileEncoding = 4; lastKnownFileType = sourcecode.c.objc; path = KVMLayer.m; sourceTree = "<group>"; };
		17A2FC2518309140008515F1 /* AVFoundation.framework */ = {isa = PBXFileReference; lastKnownFileType = wrapper.framework; name = AVFoundation.framework; path = System/Library/Frameworks/AVFoundation.framework; sourceTree = SDKROOT; };
		17A2FC2A183091CC008515F1 /* SoundManager.h */ = {isa = PBXFileReference; fileEncoding = 4; lastKnownFileType = sourcecode.c.h; path = SoundManager.h; sourceTree = "<group>"; };
		17A2FC2B183091CC008515F1 /* SoundManager.m */ = {isa = PBXFileReference; fileEncoding = 4; lastKnownFileType = sourcecode.c.objc; path = SoundManager.m; sourceTree = "<group>"; };
		17B4498218260E4E002D31C6 /* Tenorion.app */ = {isa = PBXFileReference; explicitFileType = wrapper.application; includeInIndex = 0; path = Tenorion.app; sourceTree = BUILT_PRODUCTS_DIR; };
		17B4498518260E4E002D31C6 /* Foundation.framework */ = {isa = PBXFileReference; lastKnownFileType = wrapper.framework; name = Foundation.framework; path = System/Library/Frameworks/Foundation.framework; sourceTree = SDKROOT; };
		17B4498718260E4E002D31C6 /* CoreGraphics.framework */ = {isa = PBXFileReference; lastKnownFileType = wrapper.framework; name = CoreGraphics.framework; path = System/Library/Frameworks/CoreGraphics.framework; sourceTree = SDKROOT; };
		17B4498918260E4E002D31C6 /* UIKit.framework */ = {isa = PBXFileReference; lastKnownFileType = wrapper.framework; name = UIKit.framework; path = System/Library/Frameworks/UIKit.framework; sourceTree = SDKROOT; };
		17B4498D18260E4E002D31C6 /* Tenorion-Info.plist */ = {isa = PBXFileReference; lastKnownFileType = text.plist.xml; path = "Tenorion-Info.plist"; sourceTree = "<group>"; };
		17B4498F18260E4E002D31C6 /* en */ = {isa = PBXFileReference; lastKnownFileType = text.plist.strings; name = en; path = en.lproj/InfoPlist.strings; sourceTree = "<group>"; };
		17B4499118260E4E002D31C6 /* main.m */ = {isa = PBXFileReference; lastKnownFileType = sourcecode.c.objc; path = main.m; sourceTree = "<group>"; };
		17B4499318260E4E002D31C6 /* Tenorion-Prefix.pch */ = {isa = PBXFileReference; lastKnownFileType = sourcecode.c.h; path = "Tenorion-Prefix.pch"; sourceTree = "<group>"; };
		17B4499418260E4E002D31C6 /* KVMAppDelegate.h */ = {isa = PBXFileReference; lastKnownFileType = sourcecode.c.h; path = KVMAppDelegate.h; sourceTree = "<group>"; };
		17B4499518260E4E002D31C6 /* KVMAppDelegate.m */ = {isa = PBXFileReference; lastKnownFileType = sourcecode.c.objc; path = KVMAppDelegate.m; sourceTree = "<group>"; };
		17B4499718260E4E002D31C6 /* Images.xcassets */ = {isa = PBXFileReference; lastKnownFileType = folder.assetcatalog; path = Images.xcassets; sourceTree = "<group>"; };
		17B4499D18260E4E002D31C6 /* TenorionTests.xctest */ = {isa = PBXFileReference; explicitFileType = wrapper.cfbundle; includeInIndex = 0; path = TenorionTests.xctest; sourceTree = BUILT_PRODUCTS_DIR; };
		17B4499E18260E4E002D31C6 /* XCTest.framework */ = {isa = PBXFileReference; lastKnownFileType = wrapper.framework; name = XCTest.framework; path = Library/Frameworks/XCTest.framework; sourceTree = DEVELOPER_DIR; };
		17B449A618260E4E002D31C6 /* TenorionTests-Info.plist */ = {isa = PBXFileReference; lastKnownFileType = text.plist.xml; path = "TenorionTests-Info.plist"; sourceTree = "<group>"; };
		17B449A818260E4E002D31C6 /* en */ = {isa = PBXFileReference; lastKnownFileType = text.plist.strings; name = en; path = en.lproj/InfoPlist.strings; sourceTree = "<group>"; };
		17B449AA18260E4E002D31C6 /* TenorionTests.m */ = {isa = PBXFileReference; lastKnownFileType = sourcecode.c.objc; path = TenorionTests.m; sourceTree = "<group>"; };
		17B449B418260EE2002D31C6 /* KVMMainViewController.h */ = {isa = PBXFileReference; fileEncoding = 4; lastKnownFileType = sourcecode.c.h; name = KVMMainViewController.h; path = ../KVMMainViewController.h; sourceTree = "<group>"; };
		17B449B518260EE2002D31C6 /* KVMMainViewController.m */ = {isa = PBXFileReference; fileEncoding = 4; lastKnownFileType = sourcecode.c.objc; name = KVMMainViewController.m; path = ../KVMMainViewController.m; sourceTree = "<group>"; };
		17B449B618260EE2002D31C6 /* KVMMainViewController.xib */ = {isa = PBXFileReference; fileEncoding = 4; lastKnownFileType = file.xib; name = KVMMainViewController.xib; path = ../KVMMainViewController.xib; sourceTree = "<group>"; };
		17CA69CA182C3AC500D85596 /* KVMPlayer.h */ = {isa = PBXFileReference; fileEncoding = 4; lastKnownFileType = sourcecode.c.h; path = KVMPlayer.h; sourceTree = "<group>"; };
		17CA69CB182C3AC500D85596 /* KVMPlayer.m */ = {isa = PBXFileReference; fileEncoding = 4; lastKnownFileType = sourcecode.c.objc; path = KVMPlayer.m; sourceTree = "<group>"; };
		17CA69CD182C3B5600D85596 /* KVMLayerManager.h */ = {isa = PBXFileReference; fileEncoding = 4; lastKnownFileType = sourcecode.c.h; path = KVMLayerManager.h; sourceTree = "<group>"; };
		17CA69CE182C3B5600D85596 /* KVMLayerManager.m */ = {isa = PBXFileReference; fileEncoding = 4; lastKnownFileType = sourcecode.c.objc; path = KVMLayerManager.m; sourceTree = "<group>"; };
		17CA69DC182CA4A500D85596 /* arrow.png */ = {isa = PBXFileReference; lastKnownFileType = image.png; path = arrow.png; sourceTree = "<group>"; };
		17CA69DE182CBD1900D85596 /* KVMOptionsViewController.h */ = {isa = PBXFileReference; fileEncoding = 4; lastKnownFileType = sourcecode.c.h; path = KVMOptionsViewController.h; sourceTree = "<group>"; };
		17CA69DF182CBD1900D85596 /* KVMOptionsViewController.m */ = {isa = PBXFileReference; fileEncoding = 4; lastKnownFileType = sourcecode.c.objc; path = KVMOptionsViewController.m; sourceTree = "<group>"; };
		17CA69E0182CBD1900D85596 /* KVMOptionsViewController.xib */ = {isa = PBXFileReference; fileEncoding = 4; lastKnownFileType = file.xib; path = KVMOptionsViewController.xib; sourceTree = "<group>"; };
/* End PBXFileReference section */

/* Begin PBXFrameworksBuildPhase section */
		17B4497F18260E4E002D31C6 /* Frameworks */ = {
			isa = PBXFrameworksBuildPhase;
			buildActionMask = 2147483647;
			files = (
				17A2FC2618309140008515F1 /* AVFoundation.framework in Frameworks */,
				17B4498818260E4E002D31C6 /* CoreGraphics.framework in Frameworks */,
				17B4498A18260E4E002D31C6 /* UIKit.framework in Frameworks */,
				17B4498618260E4E002D31C6 /* Foundation.framework in Frameworks */,
			);
			runOnlyForDeploymentPostprocessing = 0;
		};
		17B4499A18260E4E002D31C6 /* Frameworks */ = {
			isa = PBXFrameworksBuildPhase;
			buildActionMask = 2147483647;
			files = (
				17B4499F18260E4E002D31C6 /* XCTest.framework in Frameworks */,
				17B449A118260E4E002D31C6 /* UIKit.framework in Frameworks */,
				17B449A018260E4E002D31C6 /* Foundation.framework in Frameworks */,
			);
			runOnlyForDeploymentPostprocessing = 0;
		};
/* End PBXFrameworksBuildPhase section */

/* Begin PBXGroup section */
		17A2FC2318308DD6008515F1 /* images */ = {
			isa = PBXGroup;
			children = (
				1773ED0D182DA86F009847EA /* bass.png */,
				1773ED0B182DA858009847EA /* treble.png */,
				1773ED03182DA248009847EA /* drum.png */,
				1773ED04182DA248009847EA /* guitar.png */,
				1773ED05182DA248009847EA /* microphone.png */,
				1773ED06182DA248009847EA /* piano.png */,
				17CA69DC182CA4A500D85596 /* arrow.png */,
			);
			name = images;
			sourceTree = "<group>";
		};
		17A2FC2418308DEB008515F1 /* tones */ = {
			isa = PBXGroup;
			children = (
				178341C2182B382D00ADF751 /* 3C.wav */,
			);
			name = tones;
			sourceTree = "<group>";
		};
		17B4497918260E4E002D31C6 = {
			isa = PBXGroup;
			children = (
				17B4498B18260E4E002D31C6 /* Tenorion */,
				17B449A418260E4E002D31C6 /* TenorionTests */,
				17B4498418260E4E002D31C6 /* Frameworks */,
				17B4498318260E4E002D31C6 /* Products */,
			);
			sourceTree = "<group>";
		};
		17B4498318260E4E002D31C6 /* Products */ = {
			isa = PBXGroup;
			children = (
				17B4498218260E4E002D31C6 /* Tenorion.app */,
				17B4499D18260E4E002D31C6 /* TenorionTests.xctest */,
			);
			name = Products;
			sourceTree = "<group>";
		};
		17B4498418260E4E002D31C6 /* Frameworks */ = {
			isa = PBXGroup;
			children = (
				17A2FC2518309140008515F1 /* AVFoundation.framework */,
				178341BC182AE33000ADF751 /* AudioToolbox.framework */,
				17B4498518260E4E002D31C6 /* Foundation.framework */,
				17B4498718260E4E002D31C6 /* CoreGraphics.framework */,
				17B4498918260E4E002D31C6 /* UIKit.framework */,
				17B4499E18260E4E002D31C6 /* XCTest.framework */,
			);
			name = Frameworks;
			sourceTree = "<group>";
		};
		17B4498B18260E4E002D31C6 /* Tenorion */ = {
			isa = PBXGroup;
			children = (
				17A2FC2418308DEB008515F1 /* tones */,
				17A2FC2318308DD6008515F1 /* images */,
				17B449B418260EE2002D31C6 /* KVMMainViewController.h */,
				17B449B518260EE2002D31C6 /* KVMMainViewController.m */,
				17B449B618260EE2002D31C6 /* KVMMainViewController.xib */,
				17B4499418260E4E002D31C6 /* KVMAppDelegate.h */,
				17B4499518260E4E002D31C6 /* KVMAppDelegate.m */,
				17B4499718260E4E002D31C6 /* Images.xcassets */,
				17B4498C18260E4E002D31C6 /* Supporting Files */,
				178341B6182ABD4700ADF751 /* KVMSwitch.h */,
				178341B7182ABD4700ADF751 /* KVMSwitch.m */,
				178341C4182B4CBF00ADF751 /* KVMLayer.h */,
				178341C5182B4CBF00ADF751 /* KVMLayer.m */,
				17CA69CA182C3AC500D85596 /* KVMPlayer.h */,
				17CA69CB182C3AC500D85596 /* KVMPlayer.m */,
				17CA69CD182C3B5600D85596 /* KVMLayerManager.h */,
				17CA69CE182C3B5600D85596 /* KVMLayerManager.m */,
				17CA69DE182CBD1900D85596 /* KVMOptionsViewController.h */,
				17CA69DF182CBD1900D85596 /* KVMOptionsViewController.m */,
				17CA69E0182CBD1900D85596 /* KVMOptionsViewController.xib */,
				17A2FC2A183091CC008515F1 /* SoundManager.h */,
				17A2FC2B183091CC008515F1 /* SoundManager.m */,
			);
			path = Tenorion;
			sourceTree = "<group>";
		};
		17B4498C18260E4E002D31C6 /* Supporting Files */ = {
			isa = PBXGroup;
			children = (
				17B4498D18260E4E002D31C6 /* Tenorion-Info.plist */,
				17B4498E18260E4E002D31C6 /* InfoPlist.strings */,
				17B4499118260E4E002D31C6 /* main.m */,
				17B4499318260E4E002D31C6 /* Tenorion-Prefix.pch */,
			);
			name = "Supporting Files";
			sourceTree = "<group>";
		};
		17B449A418260E4E002D31C6 /* TenorionTests */ = {
			isa = PBXGroup;
			children = (
				17B449AA18260E4E002D31C6 /* TenorionTests.m */,
				17B449A518260E4E002D31C6 /* Supporting Files */,
			);
			path = TenorionTests;
			sourceTree = "<group>";
		};
		17B449A518260E4E002D31C6 /* Supporting Files */ = {
			isa = PBXGroup;
			children = (
				17B449A618260E4E002D31C6 /* TenorionTests-Info.plist */,
				17B449A718260E4E002D31C6 /* InfoPlist.strings */,
			);
			name = "Supporting Files";
			sourceTree = "<group>";
		};
/* End PBXGroup section */

/* Begin PBXNativeTarget section */
		17B4498118260E4E002D31C6 /* Tenorion */ = {
			isa = PBXNativeTarget;
			buildConfigurationList = 17B449AE18260E4E002D31C6 /* Build configuration list for PBXNativeTarget "Tenorion" */;
			buildPhases = (
				17B4497E18260E4E002D31C6 /* Sources */,
				17B4497F18260E4E002D31C6 /* Frameworks */,
				17B4498018260E4E002D31C6 /* Resources */,
			);
			buildRules = (
			);
			dependencies = (
			);
			name = Tenorion;
			productName = Tenorion;
			productReference = 17B4498218260E4E002D31C6 /* Tenorion.app */;
			productType = "com.apple.product-type.application";
		};
		17B4499C18260E4E002D31C6 /* TenorionTests */ = {
			isa = PBXNativeTarget;
			buildConfigurationList = 17B449B118260E4E002D31C6 /* Build configuration list for PBXNativeTarget "TenorionTests" */;
			buildPhases = (
				17B4499918260E4E002D31C6 /* Sources */,
				17B4499A18260E4E002D31C6 /* Frameworks */,
				17B4499B18260E4E002D31C6 /* Resources */,
			);
			buildRules = (
			);
			dependencies = (
				17B449A318260E4E002D31C6 /* PBXTargetDependency */,
			);
			name = TenorionTests;
			productName = TenorionTests;
			productReference = 17B4499D18260E4E002D31C6 /* TenorionTests.xctest */;
			productType = "com.apple.product-type.bundle.unit-test";
		};
/* End PBXNativeTarget section */

/* Begin PBXProject section */
		17B4497A18260E4E002D31C6 /* Project object */ = {
			isa = PBXProject;
			attributes = {
				CLASSPREFIX = KVM;
				LastUpgradeCheck = 0500;
				ORGANIZATIONNAME = kmerrill27;
				TargetAttributes = {
					17B4498118260E4E002D31C6 = {
						DevelopmentTeam = 422M5JWED5;
					};
					17B4499C18260E4E002D31C6 = {
						TestTargetID = 17B4498118260E4E002D31C6;
					};
				};
			};
			buildConfigurationList = 17B4497D18260E4E002D31C6 /* Build configuration list for PBXProject "Tenorion" */;
			compatibilityVersion = "Xcode 3.2";
			developmentRegion = English;
			hasScannedForEncodings = 0;
			knownRegions = (
				en,
			);
			mainGroup = 17B4497918260E4E002D31C6;
			productRefGroup = 17B4498318260E4E002D31C6 /* Products */;
			projectDirPath = "";
			projectRoot = "";
			targets = (
				17B4498118260E4E002D31C6 /* Tenorion */,
				17B4499C18260E4E002D31C6 /* TenorionTests */,
			);
		};
/* End PBXProject section */

/* Begin PBXResourcesBuildPhase section */
		17B4498018260E4E002D31C6 /* Resources */ = {
			isa = PBXResourcesBuildPhase;
			buildActionMask = 2147483647;
			files = (
				178341C3182B382D00ADF751 /* 3C.wav in Resources */,
				1773ED08182DA248009847EA /* guitar.png in Resources */,
				17B449B818260EE2002D31C6 /* KVMMainViewController.xib in Resources */,
				1773ED09182DA248009847EA /* microphone.png in Resources */,
				17B4499018260E4E002D31C6 /* InfoPlist.strings in Resources */,
				17CA69DD182CA4A500D85596 /* arrow.png in Resources */,
				17CA69E2182CBD1900D85596 /* KVMOptionsViewController.xib in Resources */,
				1773ED0A182DA248009847EA /* piano.png in Resources */,
				1773ED0E182DA86F009847EA /* bass.png in Resources */,
				1773ED0C182DA858009847EA /* treble.png in Resources */,
				17B4499818260E4E002D31C6 /* Images.xcassets in Resources */,
				1773ED07182DA248009847EA /* drum.png in Resources */,
			);
			runOnlyForDeploymentPostprocessing = 0;
		};
		17B4499B18260E4E002D31C6 /* Resources */ = {
			isa = PBXResourcesBuildPhase;
			buildActionMask = 2147483647;
			files = (
				17B449A918260E4E002D31C6 /* InfoPlist.strings in Resources */,
			);
			runOnlyForDeploymentPostprocessing = 0;
		};
/* End PBXResourcesBuildPhase section */

/* Begin PBXSourcesBuildPhase section */
		17B4497E18260E4E002D31C6 /* Sources */ = {
			isa = PBXSourcesBuildPhase;
			buildActionMask = 2147483647;
			files = (
				178341B8182ABD4700ADF751 /* KVMSwitch.m in Sources */,
				17CA69CC182C3AC500D85596 /* KVMPlayer.m in Sources */,
				17CA69E1182CBD1900D85596 /* KVMOptionsViewController.m in Sources */,
				17CA69CF182C3B5600D85596 /* KVMLayerManager.m in Sources */,
				178341C6182B4CBF00ADF751 /* KVMLayer.m in Sources */,
				17B4499218260E4E002D31C6 /* main.m in Sources */,
				17B4499618260E4E002D31C6 /* KVMAppDelegate.m in Sources */,
				17B449B718260EE2002D31C6 /* KVMMainViewController.m in Sources */,
				17A2FC2C183091CC008515F1 /* SoundManager.m in Sources */,
			);
			runOnlyForDeploymentPostprocessing = 0;
		};
		17B4499918260E4E002D31C6 /* Sources */ = {
			isa = PBXSourcesBuildPhase;
			buildActionMask = 2147483647;
			files = (
				17B449AB18260E4E002D31C6 /* TenorionTests.m in Sources */,
			);
			runOnlyForDeploymentPostprocessing = 0;
		};
/* End PBXSourcesBuildPhase section */

/* Begin PBXTargetDependency section */
		17B449A318260E4E002D31C6 /* PBXTargetDependency */ = {
			isa = PBXTargetDependency;
			target = 17B4498118260E4E002D31C6 /* Tenorion */;
			targetProxy = 17B449A218260E4E002D31C6 /* PBXContainerItemProxy */;
		};
/* End PBXTargetDependency section */

/* Begin PBXVariantGroup section */
		17B4498E18260E4E002D31C6 /* InfoPlist.strings */ = {
			isa = PBXVariantGroup;
			children = (
				17B4498F18260E4E002D31C6 /* en */,
			);
			name = InfoPlist.strings;
			sourceTree = "<group>";
		};
		17B449A718260E4E002D31C6 /* InfoPlist.strings */ = {
			isa = PBXVariantGroup;
			children = (
				17B449A818260E4E002D31C6 /* en */,
			);
			name = InfoPlist.strings;
			sourceTree = "<group>";
		};
/* End PBXVariantGroup section */

/* Begin XCBuildConfiguration section */
		17B449AC18260E4E002D31C6 /* Debug */ = {
			isa = XCBuildConfiguration;
			buildSettings = {
				ALWAYS_SEARCH_USER_PATHS = NO;
				ARCHS = "$(ARCHS_STANDARD_INCLUDING_64_BIT)";
				CLANG_CXX_LANGUAGE_STANDARD = "gnu++0x";
				CLANG_CXX_LIBRARY = "libc++";
				CLANG_ENABLE_MODULES = YES;
				CLANG_ENABLE_OBJC_ARC = YES;
				CLANG_WARN_BOOL_CONVERSION = YES;
				CLANG_WARN_CONSTANT_CONVERSION = YES;
				CLANG_WARN_DIRECT_OBJC_ISA_USAGE = YES_ERROR;
				CLANG_WARN_EMPTY_BODY = YES;
				CLANG_WARN_ENUM_CONVERSION = YES;
				CLANG_WARN_INT_CONVERSION = YES;
				CLANG_WARN_OBJC_ROOT_CLASS = YES_ERROR;
				CLANG_WARN__DUPLICATE_METHOD_MATCH = YES;
				"CODE_SIGN_IDENTITY[sdk=iphoneos*]" = "iPhone Developer";
				COPY_PHASE_STRIP = NO;
				GCC_C_LANGUAGE_STANDARD = gnu99;
				GCC_DYNAMIC_NO_PIC = NO;
				GCC_OPTIMIZATION_LEVEL = 0;
				GCC_PREPROCESSOR_DEFINITIONS = (
					"DEBUG=1",
					"$(inherited)",
				);
				GCC_SYMBOLS_PRIVATE_EXTERN = NO;
				GCC_WARN_64_TO_32_BIT_CONVERSION = YES;
				GCC_WARN_ABOUT_RETURN_TYPE = YES_ERROR;
				GCC_WARN_UNDECLARED_SELECTOR = YES;
				GCC_WARN_UNINITIALIZED_AUTOS = YES;
				GCC_WARN_UNUSED_FUNCTION = YES;
				GCC_WARN_UNUSED_VARIABLE = YES;
				IPHONEOS_DEPLOYMENT_TARGET = 7.0;
				ONLY_ACTIVE_ARCH = YES;
				SDKROOT = iphoneos;
			};
			name = Debug;
		};
		17B449AD18260E4E002D31C6 /* Release */ = {
			isa = XCBuildConfiguration;
			buildSettings = {
				ALWAYS_SEARCH_USER_PATHS = NO;
				ARCHS = "$(ARCHS_STANDARD_INCLUDING_64_BIT)";
				CLANG_CXX_LANGUAGE_STANDARD = "gnu++0x";
				CLANG_CXX_LIBRARY = "libc++";
				CLANG_ENABLE_MODULES = YES;
				CLANG_ENABLE_OBJC_ARC = YES;
				CLANG_WARN_BOOL_CONVERSION = YES;
				CLANG_WARN_CONSTANT_CONVERSION = YES;
				CLANG_WARN_DIRECT_OBJC_ISA_USAGE = YES_ERROR;
				CLANG_WARN_EMPTY_BODY = YES;
				CLANG_WARN_ENUM_CONVERSION = YES;
				CLANG_WARN_INT_CONVERSION = YES;
				CLANG_WARN_OBJC_ROOT_CLASS = YES_ERROR;
				CLANG_WARN__DUPLICATE_METHOD_MATCH = YES;
				"CODE_SIGN_IDENTITY[sdk=iphoneos*]" = "iPhone Developer";
				COPY_PHASE_STRIP = YES;
				ENABLE_NS_ASSERTIONS = NO;
				GCC_C_LANGUAGE_STANDARD = gnu99;
				GCC_WARN_64_TO_32_BIT_CONVERSION = YES;
				GCC_WARN_ABOUT_RETURN_TYPE = YES_ERROR;
				GCC_WARN_UNDECLARED_SELECTOR = YES;
				GCC_WARN_UNINITIALIZED_AUTOS = YES;
				GCC_WARN_UNUSED_FUNCTION = YES;
				GCC_WARN_UNUSED_VARIABLE = YES;
				IPHONEOS_DEPLOYMENT_TARGET = 7.0;
				SDKROOT = iphoneos;
				VALIDATE_PRODUCT = YES;
			};
			name = Release;
		};
		17B449AF18260E4E002D31C6 /* Debug */ = {
			isa = XCBuildConfiguration;
			buildSettings = {
				ASSETCATALOG_COMPILER_APPICON_NAME = AppIcon;
				ASSETCATALOG_COMPILER_LAUNCHIMAGE_NAME = LaunchImage;
				CODE_SIGN_IDENTITY = "iPhone Developer";
				"CODE_SIGN_IDENTITY[sdk=iphoneos*]" = "iPhone Developer";
				GCC_PRECOMPILE_PREFIX_HEADER = YES;
				GCC_PREFIX_HEADER = "Tenorion/Tenorion-Prefix.pch";
				INFOPLIST_FILE = "Tenorion/Tenorion-Info.plist";
				PRODUCT_NAME = "$(TARGET_NAME)";
				PROVISIONING_PROFILE = "";
				WRAPPER_EXTENSION = app;
			};
			name = Debug;
		};
		17B449B018260E4E002D31C6 /* Release */ = {
			isa = XCBuildConfiguration;
			buildSettings = {
				ASSETCATALOG_COMPILER_APPICON_NAME = AppIcon;
				ASSETCATALOG_COMPILER_LAUNCHIMAGE_NAME = LaunchImage;
				CODE_SIGN_IDENTITY = "iPhone Developer";
				"CODE_SIGN_IDENTITY[sdk=iphoneos*]" = "iPhone Developer";
				GCC_PRECOMPILE_PREFIX_HEADER = YES;
				GCC_PREFIX_HEADER = "Tenorion/Tenorion-Prefix.pch";
				INFOPLIST_FILE = "Tenorion/Tenorion-Info.plist";
				PRODUCT_NAME = "$(TARGET_NAME)";
				PROVISIONING_PROFILE = "";
				WRAPPER_EXTENSION = app;
			};
			name = Release;
		};
		17B449B218260E4E002D31C6 /* Debug */ = {
			isa = XCBuildConfiguration;
			buildSettings = {
				ARCHS = "$(ARCHS_STANDARD_INCLUDING_64_BIT)";
				BUNDLE_LOADER = "$(BUILT_PRODUCTS_DIR)/Tenorion.app/Tenorion";
				FRAMEWORK_SEARCH_PATHS = (
					"$(SDKROOT)/Developer/Library/Frameworks",
					"$(inherited)",
					"$(DEVELOPER_FRAMEWORKS_DIR)",
				);
				GCC_PRECOMPILE_PREFIX_HEADER = YES;
				GCC_PREFIX_HEADER = "Tenorion/Tenorion-Prefix.pch";
				GCC_PREPROCESSOR_DEFINITIONS = (
					"DEBUG=1",
					"$(inherited)",
				);
				INFOPLIST_FILE = "TenorionTests/TenorionTests-Info.plist";
				PRODUCT_NAME = "$(TARGET_NAME)";
				TEST_HOST = "$(BUNDLE_LOADER)";
				WRAPPER_EXTENSION = xctest;
			};
			name = Debug;
		};
		17B449B318260E4E002D31C6 /* Release */ = {
			isa = XCBuildConfiguration;
			buildSettings = {
				ARCHS = "$(ARCHS_STANDARD_INCLUDING_64_BIT)";
				BUNDLE_LOADER = "$(BUILT_PRODUCTS_DIR)/Tenorion.app/Tenorion";
				FRAMEWORK_SEARCH_PATHS = (
					"$(SDKROOT)/Developer/Library/Frameworks",
					"$(inherited)",
					"$(DEVELOPER_FRAMEWORKS_DIR)",
				);
				GCC_PRECOMPILE_PREFIX_HEADER = YES;
				GCC_PREFIX_HEADER = "Tenorion/Tenorion-Prefix.pch";
				INFOPLIST_FILE = "TenorionTests/TenorionTests-Info.plist";
				PRODUCT_NAME = "$(TARGET_NAME)";
				TEST_HOST = "$(BUNDLE_LOADER)";
				WRAPPER_EXTENSION = xctest;
			};
			name = Release;
		};
/* End XCBuildConfiguration section */

/* Begin XCConfigurationList section */
		17B4497D18260E4E002D31C6 /* Build configuration list for PBXProject "Tenorion" */ = {
			isa = XCConfigurationList;
			buildConfigurations = (
				17B449AC18260E4E002D31C6 /* Debug */,
				17B449AD18260E4E002D31C6 /* Release */,
			);
			defaultConfigurationIsVisible = 0;
			defaultConfigurationName = Release;
		};
		17B449AE18260E4E002D31C6 /* Build configuration list for PBXNativeTarget "Tenorion" */ = {
			isa = XCConfigurationList;
			buildConfigurations = (
				17B449AF18260E4E002D31C6 /* Debug */,
				17B449B018260E4E002D31C6 /* Release */,
			);
			defaultConfigurationIsVisible = 0;
			defaultConfigurationName = Release;
		};
		17B449B118260E4E002D31C6 /* Build configuration list for PBXNativeTarget "TenorionTests" */ = {
			isa = XCConfigurationList;
			buildConfigurations = (
				17B449B218260E4E002D31C6 /* Debug */,
				17B449B318260E4E002D31C6 /* Release */,
			);
			defaultConfigurationIsVisible = 0;
			defaultConfigurationName = Release;
		};
/* End XCConfigurationList section */
	};
	rootObject = 17B4497A18260E4E002D31C6 /* Project object */;
}
