// !$*UTF8*$!
{
	archiveVersion = 1;
	classes = {
	};
	objectVersion = 46;
	objects = {

/* Begin PBXBuildFile section */
		17188EBE184E9A0000F444C2 /* g4.wav in Resources */ = {isa = PBXBuildFile; fileRef = 17188EBD184E9A0000F444C2 /* g4.wav */; };
		17188EC6184E9B0100F444C2 /* a4.wav in Resources */ = {isa = PBXBuildFile; fileRef = 17188EBF184E9B0100F444C2 /* a4.wav */; };
		17188EC7184E9B0100F444C2 /* b4.wav in Resources */ = {isa = PBXBuildFile; fileRef = 17188EC0184E9B0100F444C2 /* b4.wav */; };
		17188EC8184E9B0100F444C2 /* c4.wav in Resources */ = {isa = PBXBuildFile; fileRef = 17188EC1184E9B0100F444C2 /* c4.wav */; };
		17188EC9184E9B0100F444C2 /* c5.wav in Resources */ = {isa = PBXBuildFile; fileRef = 17188EC2184E9B0100F444C2 /* c5.wav */; };
		17188ECA184E9B0100F444C2 /* d4.wav in Resources */ = {isa = PBXBuildFile; fileRef = 17188EC3184E9B0100F444C2 /* d4.wav */; };
		17188ECB184E9B0100F444C2 /* e4.wav in Resources */ = {isa = PBXBuildFile; fileRef = 17188EC4184E9B0100F444C2 /* e4.wav */; };
		17188ECC184E9B0100F444C2 /* f4.wav in Resources */ = {isa = PBXBuildFile; fileRef = 17188EC5184E9B0100F444C2 /* f4.wav */; };
		17188ECF184E9B4900F444C2 /* KVMToneGroups.m in Sources */ = {isa = PBXBuildFile; fileRef = 17188ECE184E9B4900F444C2 /* KVMToneGroups.m */; };
		17188ED8184EAB5200F444C2 /* a2.wav in Resources */ = {isa = PBXBuildFile; fileRef = 17188ED0184EAB5200F444C2 /* a2.wav */; };
		17188ED9184EAB5200F444C2 /* b2.wav in Resources */ = {isa = PBXBuildFile; fileRef = 17188ED1184EAB5200F444C2 /* b2.wav */; };
		17188EDA184EAB5200F444C2 /* c2.wav in Resources */ = {isa = PBXBuildFile; fileRef = 17188ED2184EAB5200F444C2 /* c2.wav */; };
		17188EDB184EAB5200F444C2 /* c3.wav in Resources */ = {isa = PBXBuildFile; fileRef = 17188ED3184EAB5200F444C2 /* c3.wav */; };
		17188EDC184EAB5200F444C2 /* d2.wav in Resources */ = {isa = PBXBuildFile; fileRef = 17188ED4184EAB5200F444C2 /* d2.wav */; };
		17188EDD184EAB5200F444C2 /* e2.wav in Resources */ = {isa = PBXBuildFile; fileRef = 17188ED5184EAB5200F444C2 /* e2.wav */; };
		17188EDE184EAB5200F444C2 /* f2.wav in Resources */ = {isa = PBXBuildFile; fileRef = 17188ED6184EAB5200F444C2 /* f2.wav */; };
		17188EDF184EAB5200F444C2 /* g2.wav in Resources */ = {isa = PBXBuildFile; fileRef = 17188ED7184EAB5200F444C2 /* g2.wav */; };
		17188EE3184ED0E900F444C2 /* ab4.wav in Resources */ = {isa = PBXBuildFile; fileRef = 17188EE0184ED0E900F444C2 /* ab4.wav */; };
		17188EE4184ED0E900F444C2 /* bb4.wav in Resources */ = {isa = PBXBuildFile; fileRef = 17188EE1184ED0E900F444C2 /* bb4.wav */; };
		17188EE5184ED0E900F444C2 /* eb4.wav in Resources */ = {isa = PBXBuildFile; fileRef = 17188EE2184ED0E900F444C2 /* eb4.wav */; };
		17188EE9184ED0FD00F444C2 /* ab2.wav in Resources */ = {isa = PBXBuildFile; fileRef = 17188EE6184ED0FD00F444C2 /* ab2.wav */; };
		17188EEA184ED0FD00F444C2 /* bb2.wav in Resources */ = {isa = PBXBuildFile; fileRef = 17188EE7184ED0FD00F444C2 /* bb2.wav */; };
		17188EEB184ED0FD00F444C2 /* eb2.wav in Resources */ = {isa = PBXBuildFile; fileRef = 17188EE8184ED0FD00F444C2 /* eb2.wav */; };
		17188EF0184ED10D00F444C2 /* d3.wav in Resources */ = {isa = PBXBuildFile; fileRef = 17188EEC184ED10D00F444C2 /* d3.wav */; };
		17188EF1184ED10D00F444C2 /* e3.wav in Resources */ = {isa = PBXBuildFile; fileRef = 17188EED184ED10D00F444C2 /* e3.wav */; };
		17188EF2184ED10D00F444C2 /* f#3.wav in Resources */ = {isa = PBXBuildFile; fileRef = 17188EEE184ED10D00F444C2 /* f#3.wav */; };
		17188EF3184ED10D00F444C2 /* g3.wav in Resources */ = {isa = PBXBuildFile; fileRef = 17188EEF184ED10D00F444C2 /* g3.wav */; };
		17188EF8184ED12A00F444C2 /* d5.wav in Resources */ = {isa = PBXBuildFile; fileRef = 17188EF4184ED12A00F444C2 /* d5.wav */; };
		17188EF9184ED12A00F444C2 /* e5.wav in Resources */ = {isa = PBXBuildFile; fileRef = 17188EF5184ED12A00F444C2 /* e5.wav */; };
		17188EFA184ED12A00F444C2 /* f#5.wav in Resources */ = {isa = PBXBuildFile; fileRef = 17188EF6184ED12A00F444C2 /* f#5.wav */; };
		17188EFB184ED12A00F444C2 /* g5.wav in Resources */ = {isa = PBXBuildFile; fileRef = 17188EF7184ED12A00F444C2 /* g5.wav */; };
		17188F06184ED7DF00F444C2 /* cymhigh.wav in Resources */ = {isa = PBXBuildFile; fileRef = 17188EFE184ED7DF00F444C2 /* cymhigh.wav */; };
		17188F07184ED7DF00F444C2 /* hhat.wav in Resources */ = {isa = PBXBuildFile; fileRef = 17188EFF184ED7DF00F444C2 /* hhat.wav */; };
		17188F08184ED7DF00F444C2 /* kick.wav in Resources */ = {isa = PBXBuildFile; fileRef = 17188F00184ED7DF00F444C2 /* kick.wav */; };
		17188F09184ED7DF00F444C2 /* rim.wav in Resources */ = {isa = PBXBuildFile; fileRef = 17188F01184ED7DF00F444C2 /* rim.wav */; };
		17188F0A184ED7DF00F444C2 /* snare.wav in Resources */ = {isa = PBXBuildFile; fileRef = 17188F02184ED7DF00F444C2 /* snare.wav */; };
		17188F0B184ED7DF00F444C2 /* stick.wav in Resources */ = {isa = PBXBuildFile; fileRef = 17188F03184ED7DF00F444C2 /* stick.wav */; };
		17188F0C184ED7DF00F444C2 /* tomhi.wav in Resources */ = {isa = PBXBuildFile; fileRef = 17188F04184ED7DF00F444C2 /* tomhi.wav */; };
		17188F0D184ED7DF00F444C2 /* tommed.wav in Resources */ = {isa = PBXBuildFile; fileRef = 17188F05184ED7DF00F444C2 /* tommed.wav */; };
		1773ED07182DA248009847EA /* drum.png in Resources */ = {isa = PBXBuildFile; fileRef = 1773ED03182DA248009847EA /* drum.png */; };
		1773ED08182DA248009847EA /* guitar.png in Resources */ = {isa = PBXBuildFile; fileRef = 1773ED04182DA248009847EA /* guitar.png */; };
		1773ED09182DA248009847EA /* microphone.png in Resources */ = {isa = PBXBuildFile; fileRef = 1773ED05182DA248009847EA /* microphone.png */; };
		1773ED0A182DA248009847EA /* piano.png in Resources */ = {isa = PBXBuildFile; fileRef = 1773ED06182DA248009847EA /* piano.png */; };
		1773ED0C182DA858009847EA /* treble.png in Resources */ = {isa = PBXBuildFile; fileRef = 1773ED0B182DA858009847EA /* treble.png */; };
		1773ED0E182DA86F009847EA /* bass.png in Resources */ = {isa = PBXBuildFile; fileRef = 1773ED0D182DA86F009847EA /* bass.png */; };
		178341B8182ABD4700ADF751 /* KVMSwitch.m in Sources */ = {isa = PBXBuildFile; fileRef = 178341B7182ABD4700ADF751 /* KVMSwitch.m */; };
		178341C6182B4CBF00ADF751 /* KVMLayer.m in Sources */ = {isa = PBXBuildFile; fileRef = 178341C5182B4CBF00ADF751 /* KVMLayer.m */; };
		178419CE184FC44C00AF177B /* ab2guitar.wav in Resources */ = {isa = PBXBuildFile; fileRef = 178419CB184FC44C00AF177B /* ab2guitar.wav */; };
		178419CF184FC44C00AF177B /* bb2guitar.wav in Resources */ = {isa = PBXBuildFile; fileRef = 178419CC184FC44C00AF177B /* bb2guitar.wav */; };
		178419D0184FC44C00AF177B /* eb1guitar.wav in Resources */ = {isa = PBXBuildFile; fileRef = 178419CD184FC44C00AF177B /* eb1guitar.wav */; };
		178419D4184FC46700AF177B /* ab3guitar.wav in Resources */ = {isa = PBXBuildFile; fileRef = 178419D1184FC46700AF177B /* ab3guitar.wav */; };
		178419D5184FC46700AF177B /* bb3guitar.wav in Resources */ = {isa = PBXBuildFile; fileRef = 178419D2184FC46700AF177B /* bb3guitar.wav */; };
		178419D6184FC46700AF177B /* eb2guitar.wav in Resources */ = {isa = PBXBuildFile; fileRef = 178419D3184FC46700AF177B /* eb2guitar.wav */; };
		178419DF184FC47C00AF177B /* a3guitar.wav in Resources */ = {isa = PBXBuildFile; fileRef = 178419D7184FC47C00AF177B /* a3guitar.wav */; };
		178419E0184FC47C00AF177B /* b3guitar.wav in Resources */ = {isa = PBXBuildFile; fileRef = 178419D8184FC47C00AF177B /* b3guitar.wav */; };
		178419E1184FC47C00AF177B /* c2guitar.wav in Resources */ = {isa = PBXBuildFile; fileRef = 178419D9184FC47C00AF177B /* c2guitar.wav */; };
		178419E2184FC47C00AF177B /* c3guitar.wav in Resources */ = {isa = PBXBuildFile; fileRef = 178419DA184FC47C00AF177B /* c3guitar.wav */; };
		178419E3184FC47C00AF177B /* d2guitar.wav in Resources */ = {isa = PBXBuildFile; fileRef = 178419DB184FC47C00AF177B /* d2guitar.wav */; };
		178419E4184FC47C00AF177B /* e3guitar.wav in Resources */ = {isa = PBXBuildFile; fileRef = 178419DC184FC47C00AF177B /* e3guitar.wav */; };
		178419E5184FC47C00AF177B /* f3guitar.wav in Resources */ = {isa = PBXBuildFile; fileRef = 178419DD184FC47C00AF177B /* f3guitar.wav */; };
		178419E6184FC47C00AF177B /* g3guitar.wav in Resources */ = {isa = PBXBuildFile; fileRef = 178419DE184FC47C00AF177B /* g3guitar.wav */; };
		178419ED184FC49900AF177B /* a1guitar.wav in Resources */ = {isa = PBXBuildFile; fileRef = 178419E7184FC49900AF177B /* a1guitar.wav */; };
		178419EE184FC49900AF177B /* b1guitar.wav in Resources */ = {isa = PBXBuildFile; fileRef = 178419E8184FC49900AF177B /* b1guitar.wav */; };
		178419EF184FC49900AF177B /* c1guitar.wav in Resources */ = {isa = PBXBuildFile; fileRef = 178419E9184FC49900AF177B /* c1guitar.wav */; };
		178419F0184FC49900AF177B /* d1guitar.wav in Resources */ = {isa = PBXBuildFile; fileRef = 178419EA184FC49900AF177B /* d1guitar.wav */; };
		178419F1184FC49900AF177B /* f#2guitar.wav in Resources */ = {isa = PBXBuildFile; fileRef = 178419EB184FC49900AF177B /* f#2guitar.wav */; };
		178419F2184FC49900AF177B /* g1guitar.wav in Resources */ = {isa = PBXBuildFile; fileRef = 178419EC184FC49900AF177B /* g1guitar.wav */; };
		178419F4184FC4A800AF177B /* f#3guitar.wav in Resources */ = {isa = PBXBuildFile; fileRef = 178419F3184FC4A800AF177B /* f#3guitar.wav */; };
		178419FA184FC5CA00AF177B /* a2guitar.wav in Resources */ = {isa = PBXBuildFile; fileRef = 178419F5184FC5CA00AF177B /* a2guitar.wav */; };
		178419FB184FC5CA00AF177B /* b2guitar.wav in Resources */ = {isa = PBXBuildFile; fileRef = 178419F6184FC5CA00AF177B /* b2guitar.wav */; };
		178419FC184FC5CA00AF177B /* e2guitar.wav in Resources */ = {isa = PBXBuildFile; fileRef = 178419F7184FC5CA00AF177B /* e2guitar.wav */; };
		178419FD184FC5CA00AF177B /* f2guitar.wav in Resources */ = {isa = PBXBuildFile; fileRef = 178419F8184FC5CA00AF177B /* f2guitar.wav */; };
		178419FE184FC5CA00AF177B /* g2guitar.wav in Resources */ = {isa = PBXBuildFile; fileRef = 178419F9184FC5CA00AF177B /* g2guitar.wav */; };
		17841A01184FC80300AF177B /* KVMPianoTones.m in Sources */ = {isa = PBXBuildFile; fileRef = 17841A00184FC80300AF177B /* KVMPianoTones.m */; };
		17841A04184FCA3000AF177B /* KVMGuitarTones.m in Sources */ = {isa = PBXBuildFile; fileRef = 17841A03184FCA3000AF177B /* KVMGuitarTones.m */; };
		17841A09184FCBF200AF177B /* KVMDrumTones.m in Sources */ = {isa = PBXBuildFile; fileRef = 17841A08184FCBF200AF177B /* KVMDrumTones.m */; };
		17A2FC2618309140008515F1 /* AVFoundation.framework in Frameworks */ = {isa = PBXBuildFile; fileRef = 17A2FC2518309140008515F1 /* AVFoundation.framework */; };
		17A2FC2C183091CC008515F1 /* SoundManager.m in Sources */ = {isa = PBXBuildFile; fileRef = 17A2FC2B183091CC008515F1 /* SoundManager.m */; };
		17B4498618260E4E002D31C6 /* Foundation.framework in Frameworks */ = {isa = PBXBuildFile; fileRef = 17B4498518260E4E002D31C6 /* Foundation.framework */; };
		17B4498818260E4E002D31C6 /* CoreGraphics.framework in Frameworks */ = {isa = PBXBuildFile; fileRef = 17B4498718260E4E002D31C6 /* CoreGraphics.framework */; };
		17B4498A18260E4E002D31C6 /* UIKit.framework in Frameworks */ = {isa = PBXBuildFile; fileRef = 17B4498918260E4E002D31C6 /* UIKit.framework */; };
		17B4499018260E4E002D31C6 /* InfoPlist.strings in Resources */ = {isa = PBXBuildFile; fileRef = 17B4498E18260E4E002D31C6 /* InfoPlist.strings */; };
		17B4499218260E4E002D31C6 /* main.m in Sources */ = {isa = PBXBuildFile; fileRef = 17B4499118260E4E002D31C6 /* main.m */; };
		17B4499618260E4E002D31C6 /* KVMAppDelegate.m in Sources */ = {isa = PBXBuildFile; fileRef = 17B4499518260E4E002D31C6 /* KVMAppDelegate.m */; };
		17B4499818260E4E002D31C6 /* Images.xcassets in Resources */ = {isa = PBXBuildFile; fileRef = 17B4499718260E4E002D31C6 /* Images.xcassets */; };
		17B4499F18260E4E002D31C6 /* XCTest.framework in Frameworks */ = {isa = PBXBuildFile; fileRef = 17B4499E18260E4E002D31C6 /* XCTest.framework */; };
		17B449A018260E4E002D31C6 /* Foundation.framework in Frameworks */ = {isa = PBXBuildFile; fileRef = 17B4498518260E4E002D31C6 /* Foundation.framework */; };
		17B449A118260E4E002D31C6 /* UIKit.framework in Frameworks */ = {isa = PBXBuildFile; fileRef = 17B4498918260E4E002D31C6 /* UIKit.framework */; };
		17B449A918260E4E002D31C6 /* InfoPlist.strings in Resources */ = {isa = PBXBuildFile; fileRef = 17B449A718260E4E002D31C6 /* InfoPlist.strings */; };
		17B449AB18260E4E002D31C6 /* TenorionTests.m in Sources */ = {isa = PBXBuildFile; fileRef = 17B449AA18260E4E002D31C6 /* TenorionTests.m */; };
		17B449B718260EE2002D31C6 /* KVMMainViewController.m in Sources */ = {isa = PBXBuildFile; fileRef = 17B449B518260EE2002D31C6 /* KVMMainViewController.m */; };
		17B449B818260EE2002D31C6 /* KVMMainViewController.xib in Resources */ = {isa = PBXBuildFile; fileRef = 17B449B618260EE2002D31C6 /* KVMMainViewController.xib */; };
		17CA69CC182C3AC500D85596 /* KVMPlayer.m in Sources */ = {isa = PBXBuildFile; fileRef = 17CA69CB182C3AC500D85596 /* KVMPlayer.m */; };
		17CA69CF182C3B5600D85596 /* KVMLayerManager.m in Sources */ = {isa = PBXBuildFile; fileRef = 17CA69CE182C3B5600D85596 /* KVMLayerManager.m */; };
		17CA69DD182CA4A500D85596 /* arrow.png in Resources */ = {isa = PBXBuildFile; fileRef = 17CA69DC182CA4A500D85596 /* arrow.png */; };
		17CA69E1182CBD1900D85596 /* KVMOptionsViewController.m in Sources */ = {isa = PBXBuildFile; fileRef = 17CA69DF182CBD1900D85596 /* KVMOptionsViewController.m */; };
		17CA69E2182CBD1900D85596 /* KVMOptionsViewController.xib in Resources */ = {isa = PBXBuildFile; fileRef = 17CA69E0182CBD1900D85596 /* KVMOptionsViewController.xib */; };
		17CC53EE1860ECB60009435C /* QuartzCore.framework in Frameworks */ = {isa = PBXBuildFile; fileRef = 17CC53ED1860ECB60009435C /* QuartzCore.framework */; };
		17CC544A186116520009435C /* Tenorion Icon 29.png in Resources */ = {isa = PBXBuildFile; fileRef = 17CC543C186116520009435C /* Tenorion Icon 29.png */; };
		17CC544B186116520009435C /* Tenorion Icon 40.png in Resources */ = {isa = PBXBuildFile; fileRef = 17CC543D186116520009435C /* Tenorion Icon 40.png */; };
		17CC544C186116520009435C /* Tenorion Icon 50.png in Resources */ = {isa = PBXBuildFile; fileRef = 17CC543E186116520009435C /* Tenorion Icon 50.png */; };
		17CC544D186116520009435C /* Tenorion Icon 57.png in Resources */ = {isa = PBXBuildFile; fileRef = 17CC543F186116520009435C /* Tenorion Icon 57.png */; };
		17CC544E186116520009435C /* Tenorion Icon 58.png in Resources */ = {isa = PBXBuildFile; fileRef = 17CC5440186116520009435C /* Tenorion Icon 58.png */; };
		17CC5450186116520009435C /* Tenorion Icon 72.png in Resources */ = {isa = PBXBuildFile; fileRef = 17CC5442186116520009435C /* Tenorion Icon 72.png */; };
		17CC5451186116520009435C /* Tenorion Icon 76.png in Resources */ = {isa = PBXBuildFile; fileRef = 17CC5443186116520009435C /* Tenorion Icon 76.png */; };
		17CC5452186116520009435C /* Tenorion Icon 80.png in Resources */ = {isa = PBXBuildFile; fileRef = 17CC5444186116520009435C /* Tenorion Icon 80.png */; };
		17CC5453186116520009435C /* Tenorion Icon 100.png in Resources */ = {isa = PBXBuildFile; fileRef = 17CC5445186116520009435C /* Tenorion Icon 100.png */; };
		17CC5454186116520009435C /* Tenorion Icon 114.png in Resources */ = {isa = PBXBuildFile; fileRef = 17CC5446186116520009435C /* Tenorion Icon 114.png */; };
		17CC5455186116520009435C /* Tenorion Icon 120.png in Resources */ = {isa = PBXBuildFile; fileRef = 17CC5447186116520009435C /* Tenorion Icon 120.png */; };
		17CC5456186116520009435C /* Tenorion Icon 144.png in Resources */ = {isa = PBXBuildFile; fileRef = 17CC5448186116520009435C /* Tenorion Icon 144.png */; };
		17CC5457186116520009435C /* Tenorion Icon 152.png in Resources */ = {isa = PBXBuildFile; fileRef = 17CC5449186116520009435C /* Tenorion Icon 152.png */; };
		17D0B6E3185299C700BEA0E2 /* KVMRipple.m in Sources */ = {isa = PBXBuildFile; fileRef = 17D0B6E2185299C700BEA0E2 /* KVMRipple.m */; };
/* End PBXBuildFile section */

/* Begin PBXContainerItemProxy section */
		17B449A218260E4E002D31C6 /* PBXContainerItemProxy */ = {
			isa = PBXContainerItemProxy;
			containerPortal = 17B4497A18260E4E002D31C6 /* Project object */;
			proxyType = 1;
			remoteGlobalIDString = 17B4498118260E4E002D31C6;
			remoteInfo = Tenorion;
		};
/* End PBXContainerItemProxy section */

/* Begin PBXFileReference section */
		17188EBD184E9A0000F444C2 /* g4.wav */ = {isa = PBXFileReference; lastKnownFileType = audio.wav; path = g4.wav; sourceTree = "<group>"; };
		17188EBF184E9B0100F444C2 /* a4.wav */ = {isa = PBXFileReference; lastKnownFileType = audio.wav; path = a4.wav; sourceTree = "<group>"; };
		17188EC0184E9B0100F444C2 /* b4.wav */ = {isa = PBXFileReference; lastKnownFileType = audio.wav; path = b4.wav; sourceTree = "<group>"; };
		17188EC1184E9B0100F444C2 /* c4.wav */ = {isa = PBXFileReference; lastKnownFileType = audio.wav; path = c4.wav; sourceTree = "<group>"; };
		17188EC2184E9B0100F444C2 /* c5.wav */ = {isa = PBXFileReference; lastKnownFileType = audio.wav; path = c5.wav; sourceTree = "<group>"; };
		17188EC3184E9B0100F444C2 /* d4.wav */ = {isa = PBXFileReference; lastKnownFileType = audio.wav; path = d4.wav; sourceTree = "<group>"; };
		17188EC4184E9B0100F444C2 /* e4.wav */ = {isa = PBXFileReference; lastKnownFileType = audio.wav; path = e4.wav; sourceTree = "<group>"; };
		17188EC5184E9B0100F444C2 /* f4.wav */ = {isa = PBXFileReference; lastKnownFileType = audio.wav; path = f4.wav; sourceTree = "<group>"; };
		17188ECD184E9B4900F444C2 /* KVMToneGroups.h */ = {isa = PBXFileReference; fileEncoding = 4; lastKnownFileType = sourcecode.c.h; path = KVMToneGroups.h; sourceTree = "<group>"; };
		17188ECE184E9B4900F444C2 /* KVMToneGroups.m */ = {isa = PBXFileReference; fileEncoding = 4; lastKnownFileType = sourcecode.c.objc; path = KVMToneGroups.m; sourceTree = "<group>"; };
		17188ED0184EAB5200F444C2 /* a2.wav */ = {isa = PBXFileReference; lastKnownFileType = audio.wav; path = a2.wav; sourceTree = "<group>"; };
		17188ED1184EAB5200F444C2 /* b2.wav */ = {isa = PBXFileReference; lastKnownFileType = audio.wav; path = b2.wav; sourceTree = "<group>"; };
		17188ED2184EAB5200F444C2 /* c2.wav */ = {isa = PBXFileReference; lastKnownFileType = audio.wav; path = c2.wav; sourceTree = "<group>"; };
		17188ED3184EAB5200F444C2 /* c3.wav */ = {isa = PBXFileReference; lastKnownFileType = audio.wav; path = c3.wav; sourceTree = "<group>"; };
		17188ED4184EAB5200F444C2 /* d2.wav */ = {isa = PBXFileReference; lastKnownFileType = audio.wav; path = d2.wav; sourceTree = "<group>"; };
		17188ED5184EAB5200F444C2 /* e2.wav */ = {isa = PBXFileReference; lastKnownFileType = audio.wav; path = e2.wav; sourceTree = "<group>"; };
		17188ED6184EAB5200F444C2 /* f2.wav */ = {isa = PBXFileReference; lastKnownFileType = audio.wav; path = f2.wav; sourceTree = "<group>"; };
		17188ED7184EAB5200F444C2 /* g2.wav */ = {isa = PBXFileReference; lastKnownFileType = audio.wav; path = g2.wav; sourceTree = "<group>"; };
		17188EE0184ED0E900F444C2 /* ab4.wav */ = {isa = PBXFileReference; lastKnownFileType = audio.wav; path = ab4.wav; sourceTree = "<group>"; };
		17188EE1184ED0E900F444C2 /* bb4.wav */ = {isa = PBXFileReference; lastKnownFileType = audio.wav; path = bb4.wav; sourceTree = "<group>"; };
		17188EE2184ED0E900F444C2 /* eb4.wav */ = {isa = PBXFileReference; lastKnownFileType = audio.wav; path = eb4.wav; sourceTree = "<group>"; };
		17188EE6184ED0FD00F444C2 /* ab2.wav */ = {isa = PBXFileReference; lastKnownFileType = audio.wav; path = ab2.wav; sourceTree = "<group>"; };
		17188EE7184ED0FD00F444C2 /* bb2.wav */ = {isa = PBXFileReference; lastKnownFileType = audio.wav; path = bb2.wav; sourceTree = "<group>"; };
		17188EE8184ED0FD00F444C2 /* eb2.wav */ = {isa = PBXFileReference; lastKnownFileType = audio.wav; path = eb2.wav; sourceTree = "<group>"; };
		17188EEC184ED10D00F444C2 /* d3.wav */ = {isa = PBXFileReference; lastKnownFileType = audio.wav; path = d3.wav; sourceTree = "<group>"; };
		17188EED184ED10D00F444C2 /* e3.wav */ = {isa = PBXFileReference; lastKnownFileType = audio.wav; path = e3.wav; sourceTree = "<group>"; };
		17188EEE184ED10D00F444C2 /* f#3.wav */ = {isa = PBXFileReference; lastKnownFileType = audio.wav; path = "f#3.wav"; sourceTree = "<group>"; };
		17188EEF184ED10D00F444C2 /* g3.wav */ = {isa = PBXFileReference; lastKnownFileType = audio.wav; path = g3.wav; sourceTree = "<group>"; };
		17188EF4184ED12A00F444C2 /* d5.wav */ = {isa = PBXFileReference; lastKnownFileType = audio.wav; path = d5.wav; sourceTree = "<group>"; };
		17188EF5184ED12A00F444C2 /* e5.wav */ = {isa = PBXFileReference; lastKnownFileType = audio.wav; path = e5.wav; sourceTree = "<group>"; };
		17188EF6184ED12A00F444C2 /* f#5.wav */ = {isa = PBXFileReference; lastKnownFileType = audio.wav; path = "f#5.wav"; sourceTree = "<group>"; };
		17188EF7184ED12A00F444C2 /* g5.wav */ = {isa = PBXFileReference; lastKnownFileType = audio.wav; path = g5.wav; sourceTree = "<group>"; };
		17188EFE184ED7DF00F444C2 /* cymhigh.wav */ = {isa = PBXFileReference; lastKnownFileType = audio.wav; path = cymhigh.wav; sourceTree = "<group>"; };
		17188EFF184ED7DF00F444C2 /* hhat.wav */ = {isa = PBXFileReference; lastKnownFileType = audio.wav; path = hhat.wav; sourceTree = "<group>"; };
		17188F00184ED7DF00F444C2 /* kick.wav */ = {isa = PBXFileReference; lastKnownFileType = audio.wav; path = kick.wav; sourceTree = "<group>"; };
		17188F01184ED7DF00F444C2 /* rim.wav */ = {isa = PBXFileReference; lastKnownFileType = audio.wav; path = rim.wav; sourceTree = "<group>"; };
		17188F02184ED7DF00F444C2 /* snare.wav */ = {isa = PBXFileReference; lastKnownFileType = audio.wav; path = snare.wav; sourceTree = "<group>"; };
		17188F03184ED7DF00F444C2 /* stick.wav */ = {isa = PBXFileReference; lastKnownFileType = audio.wav; path = stick.wav; sourceTree = "<group>"; };
		17188F04184ED7DF00F444C2 /* tomhi.wav */ = {isa = PBXFileReference; lastKnownFileType = audio.wav; path = tomhi.wav; sourceTree = "<group>"; };
		17188F05184ED7DF00F444C2 /* tommed.wav */ = {isa = PBXFileReference; lastKnownFileType = audio.wav; path = tommed.wav; sourceTree = "<group>"; };
		1773ED03182DA248009847EA /* drum.png */ = {isa = PBXFileReference; lastKnownFileType = image.png; path = drum.png; sourceTree = "<group>"; };
		1773ED04182DA248009847EA /* guitar.png */ = {isa = PBXFileReference; lastKnownFileType = image.png; path = guitar.png; sourceTree = "<group>"; };
		1773ED05182DA248009847EA /* microphone.png */ = {isa = PBXFileReference; lastKnownFileType = image.png; path = microphone.png; sourceTree = "<group>"; };
		1773ED06182DA248009847EA /* piano.png */ = {isa = PBXFileReference; lastKnownFileType = image.png; path = piano.png; sourceTree = "<group>"; };
		1773ED0B182DA858009847EA /* treble.png */ = {isa = PBXFileReference; lastKnownFileType = image.png; path = treble.png; sourceTree = "<group>"; };
		1773ED0D182DA86F009847EA /* bass.png */ = {isa = PBXFileReference; lastKnownFileType = image.png; path = bass.png; sourceTree = "<group>"; };
		178341B6182ABD4700ADF751 /* KVMSwitch.h */ = {isa = PBXFileReference; fileEncoding = 4; lastKnownFileType = sourcecode.c.h; path = KVMSwitch.h; sourceTree = "<group>"; };
		178341B7182ABD4700ADF751 /* KVMSwitch.m */ = {isa = PBXFileReference; fileEncoding = 4; lastKnownFileType = sourcecode.c.objc; path = KVMSwitch.m; sourceTree = "<group>"; };
		178341BC182AE33000ADF751 /* AudioToolbox.framework */ = {isa = PBXFileReference; lastKnownFileType = wrapper.framework; name = AudioToolbox.framework; path = System/Library/Frameworks/AudioToolbox.framework; sourceTree = SDKROOT; };
		178341C4182B4CBF00ADF751 /* KVMLayer.h */ = {isa = PBXFileReference; fileEncoding = 4; lastKnownFileType = sourcecode.c.h; path = KVMLayer.h; sourceTree = "<group>"; };
		178341C5182B4CBF00ADF751 /* KVMLayer.m */ = {isa = PBXFileReference; fileEncoding = 4; lastKnownFileType = sourcecode.c.objc; path = KVMLayer.m; sourceTree = "<group>"; };
		178419CB184FC44C00AF177B /* ab2guitar.wav */ = {isa = PBXFileReference; lastKnownFileType = audio.wav; path = ab2guitar.wav; sourceTree = "<group>"; };
		178419CC184FC44C00AF177B /* bb2guitar.wav */ = {isa = PBXFileReference; lastKnownFileType = audio.wav; path = bb2guitar.wav; sourceTree = "<group>"; };
		178419CD184FC44C00AF177B /* eb1guitar.wav */ = {isa = PBXFileReference; lastKnownFileType = audio.wav; path = eb1guitar.wav; sourceTree = "<group>"; };
		178419D1184FC46700AF177B /* ab3guitar.wav */ = {isa = PBXFileReference; lastKnownFileType = audio.wav; path = ab3guitar.wav; sourceTree = "<group>"; };
		178419D2184FC46700AF177B /* bb3guitar.wav */ = {isa = PBXFileReference; lastKnownFileType = audio.wav; path = bb3guitar.wav; sourceTree = "<group>"; };
		178419D3184FC46700AF177B /* eb2guitar.wav */ = {isa = PBXFileReference; lastKnownFileType = audio.wav; path = eb2guitar.wav; sourceTree = "<group>"; };
		178419D7184FC47C00AF177B /* a3guitar.wav */ = {isa = PBXFileReference; lastKnownFileType = audio.wav; path = a3guitar.wav; sourceTree = "<group>"; };
		178419D8184FC47C00AF177B /* b3guitar.wav */ = {isa = PBXFileReference; lastKnownFileType = audio.wav; path = b3guitar.wav; sourceTree = "<group>"; };
		178419D9184FC47C00AF177B /* c2guitar.wav */ = {isa = PBXFileReference; lastKnownFileType = audio.wav; path = c2guitar.wav; sourceTree = "<group>"; };
		178419DA184FC47C00AF177B /* c3guitar.wav */ = {isa = PBXFileReference; lastKnownFileType = audio.wav; path = c3guitar.wav; sourceTree = "<group>"; };
		178419DB184FC47C00AF177B /* d2guitar.wav */ = {isa = PBXFileReference; lastKnownFileType = audio.wav; path = d2guitar.wav; sourceTree = "<group>"; };
		178419DC184FC47C00AF177B /* e3guitar.wav */ = {isa = PBXFileReference; lastKnownFileType = audio.wav; path = e3guitar.wav; sourceTree = "<group>"; };
		178419DD184FC47C00AF177B /* f3guitar.wav */ = {isa = PBXFileReference; lastKnownFileType = audio.wav; path = f3guitar.wav; sourceTree = "<group>"; };
		178419DE184FC47C00AF177B /* g3guitar.wav */ = {isa = PBXFileReference; lastKnownFileType = audio.wav; path = g3guitar.wav; sourceTree = "<group>"; };
		178419E7184FC49900AF177B /* a1guitar.wav */ = {isa = PBXFileReference; lastKnownFileType = audio.wav; path = a1guitar.wav; sourceTree = "<group>"; };
		178419E8184FC49900AF177B /* b1guitar.wav */ = {isa = PBXFileReference; lastKnownFileType = audio.wav; path = b1guitar.wav; sourceTree = "<group>"; };
		178419E9184FC49900AF177B /* c1guitar.wav */ = {isa = PBXFileReference; lastKnownFileType = audio.wav; path = c1guitar.wav; sourceTree = "<group>"; };
		178419EA184FC49900AF177B /* d1guitar.wav */ = {isa = PBXFileReference; lastKnownFileType = audio.wav; path = d1guitar.wav; sourceTree = "<group>"; };
		178419EB184FC49900AF177B /* f#2guitar.wav */ = {isa = PBXFileReference; lastKnownFileType = audio.wav; path = "f#2guitar.wav"; sourceTree = "<group>"; };
		178419EC184FC49900AF177B /* g1guitar.wav */ = {isa = PBXFileReference; lastKnownFileType = audio.wav; path = g1guitar.wav; sourceTree = "<group>"; };
		178419F3184FC4A800AF177B /* f#3guitar.wav */ = {isa = PBXFileReference; lastKnownFileType = audio.wav; path = "f#3guitar.wav"; sourceTree = "<group>"; };
		178419F5184FC5CA00AF177B /* a2guitar.wav */ = {isa = PBXFileReference; lastKnownFileType = audio.wav; path = a2guitar.wav; sourceTree = "<group>"; };
		178419F6184FC5CA00AF177B /* b2guitar.wav */ = {isa = PBXFileReference; lastKnownFileType = audio.wav; path = b2guitar.wav; sourceTree = "<group>"; };
		178419F7184FC5CA00AF177B /* e2guitar.wav */ = {isa = PBXFileReference; lastKnownFileType = audio.wav; path = e2guitar.wav; sourceTree = "<group>"; };
		178419F8184FC5CA00AF177B /* f2guitar.wav */ = {isa = PBXFileReference; lastKnownFileType = audio.wav; path = f2guitar.wav; sourceTree = "<group>"; };
		178419F9184FC5CA00AF177B /* g2guitar.wav */ = {isa = PBXFileReference; lastKnownFileType = audio.wav; path = g2guitar.wav; sourceTree = "<group>"; };
		178419FF184FC80300AF177B /* KVMPianoTones.h */ = {isa = PBXFileReference; fileEncoding = 4; lastKnownFileType = sourcecode.c.h; path = KVMPianoTones.h; sourceTree = "<group>"; };
		17841A00184FC80300AF177B /* KVMPianoTones.m */ = {isa = PBXFileReference; fileEncoding = 4; lastKnownFileType = sourcecode.c.objc; path = KVMPianoTones.m; sourceTree = "<group>"; };
		17841A02184FCA3000AF177B /* KVMGuitarTones.h */ = {isa = PBXFileReference; fileEncoding = 4; lastKnownFileType = sourcecode.c.h; path = KVMGuitarTones.h; sourceTree = "<group>"; };
		17841A03184FCA3000AF177B /* KVMGuitarTones.m */ = {isa = PBXFileReference; fileEncoding = 4; lastKnownFileType = sourcecode.c.objc; path = KVMGuitarTones.m; sourceTree = "<group>"; };
		17841A06184FCADA00AF177B /* KVMTones.h */ = {isa = PBXFileReference; lastKnownFileType = sourcecode.c.h; path = KVMTones.h; sourceTree = "<group>"; };
		17841A07184FCBF200AF177B /* KVMDrumTones.h */ = {isa = PBXFileReference; fileEncoding = 4; lastKnownFileType = sourcecode.c.h; path = KVMDrumTones.h; sourceTree = "<group>"; };
		17841A08184FCBF200AF177B /* KVMDrumTones.m */ = {isa = PBXFileReference; fileEncoding = 4; lastKnownFileType = sourcecode.c.objc; path = KVMDrumTones.m; sourceTree = "<group>"; };
		17A2FC2518309140008515F1 /* AVFoundation.framework */ = {isa = PBXFileReference; lastKnownFileType = wrapper.framework; name = AVFoundation.framework; path = System/Library/Frameworks/AVFoundation.framework; sourceTree = SDKROOT; };
		17A2FC2A183091CC008515F1 /* SoundManager.h */ = {isa = PBXFileReference; fileEncoding = 4; lastKnownFileType = sourcecode.c.h; path = SoundManager.h; sourceTree = "<group>"; };
		17A2FC2B183091CC008515F1 /* SoundManager.m */ = {isa = PBXFileReference; fileEncoding = 4; lastKnownFileType = sourcecode.c.objc; path = SoundManager.m; sourceTree = "<group>"; };
		17B4498218260E4E002D31C6 /* Tenorion.app */ = {isa = PBXFileReference; explicitFileType = wrapper.application; includeInIndex = 0; path = Tenorion.app; sourceTree = BUILT_PRODUCTS_DIR; };
		17B4498518260E4E002D31C6 /* Foundation.framework */ = {isa = PBXFileReference; lastKnownFileType = wrapper.framework; name = Foundation.framework; path = System/Library/Frameworks/Foundation.framework; sourceTree = SDKROOT; };
		17B4498718260E4E002D31C6 /* CoreGraphics.framework */ = {isa = PBXFileReference; lastKnownFileType = wrapper.framework; name = CoreGraphics.framework; path = System/Library/Frameworks/CoreGraphics.framework; sourceTree = SDKROOT; };
		17B4498918260E4E002D31C6 /* UIKit.framework */ = {isa = PBXFileReference; lastKnownFileType = wrapper.framework; name = UIKit.framework; path = System/Library/Frameworks/UIKit.framework; sourceTree = SDKROOT; };
		17B4498D18260E4E002D31C6 /* Tenorion-Info.plist */ = {isa = PBXFileReference; lastKnownFileType = text.plist.xml; path = "Tenorion-Info.plist"; sourceTree = "<group>"; };
		17B4498F18260E4E002D31C6 /* en */ = {isa = PBXFileReference; lastKnownFileType = text.plist.strings; name = en; path = en.lproj/InfoPlist.strings; sourceTree = "<group>"; };
		17B4499118260E4E002D31C6 /* main.m */ = {isa = PBXFileReference; lastKnownFileType = sourcecode.c.objc; path = main.m; sourceTree = "<group>"; };
		17B4499318260E4E002D31C6 /* Tenorion-Prefix.pch */ = {isa = PBXFileReference; lastKnownFileType = sourcecode.c.h; path = "Tenorion-Prefix.pch"; sourceTree = "<group>"; };
		17B4499418260E4E002D31C6 /* KVMAppDelegate.h */ = {isa = PBXFileReference; lastKnownFileType = sourcecode.c.h; path = KVMAppDelegate.h; sourceTree = "<group>"; };
		17B4499518260E4E002D31C6 /* KVMAppDelegate.m */ = {isa = PBXFileReference; lastKnownFileType = sourcecode.c.objc; path = KVMAppDelegate.m; sourceTree = "<group>"; };
		17B4499718260E4E002D31C6 /* Images.xcassets */ = {isa = PBXFileReference; lastKnownFileType = folder.assetcatalog; path = Images.xcassets; sourceTree = "<group>"; };
		17B4499D18260E4E002D31C6 /* TenorionTests.xctest */ = {isa = PBXFileReference; explicitFileType = wrapper.cfbundle; includeInIndex = 0; path = TenorionTests.xctest; sourceTree = BUILT_PRODUCTS_DIR; };
		17B4499E18260E4E002D31C6 /* XCTest.framework */ = {isa = PBXFileReference; lastKnownFileType = wrapper.framework; name = XCTest.framework; path = Library/Frameworks/XCTest.framework; sourceTree = DEVELOPER_DIR; };
		17B449A618260E4E002D31C6 /* TenorionTests-Info.plist */ = {isa = PBXFileReference; lastKnownFileType = text.plist.xml; path = "TenorionTests-Info.plist"; sourceTree = "<group>"; };
		17B449A818260E4E002D31C6 /* en */ = {isa = PBXFileReference; lastKnownFileType = text.plist.strings; name = en; path = en.lproj/InfoPlist.strings; sourceTree = "<group>"; };
		17B449AA18260E4E002D31C6 /* TenorionTests.m */ = {isa = PBXFileReference; lastKnownFileType = sourcecode.c.objc; path = TenorionTests.m; sourceTree = "<group>"; };
		17B449B418260EE2002D31C6 /* KVMMainViewController.h */ = {isa = PBXFileReference; fileEncoding = 4; lastKnownFileType = sourcecode.c.h; name = KVMMainViewController.h; path = ../KVMMainViewController.h; sourceTree = "<group>"; };
		17B449B518260EE2002D31C6 /* KVMMainViewController.m */ = {isa = PBXFileReference; fileEncoding = 4; lastKnownFileType = sourcecode.c.objc; name = KVMMainViewController.m; path = ../KVMMainViewController.m; sourceTree = "<group>"; };
		17B449B618260EE2002D31C6 /* KVMMainViewController.xib */ = {isa = PBXFileReference; fileEncoding = 4; lastKnownFileType = file.xib; name = KVMMainViewController.xib; path = ../KVMMainViewController.xib; sourceTree = "<group>"; };
		17CA69CA182C3AC500D85596 /* KVMPlayer.h */ = {isa = PBXFileReference; fileEncoding = 4; lastKnownFileType = sourcecode.c.h; path = KVMPlayer.h; sourceTree = "<group>"; };
		17CA69CB182C3AC500D85596 /* KVMPlayer.m */ = {isa = PBXFileReference; fileEncoding = 4; lastKnownFileType = sourcecode.c.objc; path = KVMPlayer.m; sourceTree = "<group>"; };
		17CA69CD182C3B5600D85596 /* KVMLayerManager.h */ = {isa = PBXFileReference; fileEncoding = 4; lastKnownFileType = sourcecode.c.h; path = KVMLayerManager.h; sourceTree = "<group>"; };
		17CA69CE182C3B5600D85596 /* KVMLayerManager.m */ = {isa = PBXFileReference; fileEncoding = 4; lastKnownFileType = sourcecode.c.objc; path = KVMLayerManager.m; sourceTree = "<group>"; };
		17CA69DC182CA4A500D85596 /* arrow.png */ = {isa = PBXFileReference; lastKnownFileType = image.png; path = arrow.png; sourceTree = "<group>"; };
		17CA69DE182CBD1900D85596 /* KVMOptionsViewController.h */ = {isa = PBXFileReference; fileEncoding = 4; lastKnownFileType = sourcecode.c.h; path = KVMOptionsViewController.h; sourceTree = "<group>"; };
		17CA69DF182CBD1900D85596 /* KVMOptionsViewController.m */ = {isa = PBXFileReference; fileEncoding = 4; lastKnownFileType = sourcecode.c.objc; path = KVMOptionsViewController.m; sourceTree = "<group>"; };
		17CA69E0182CBD1900D85596 /* KVMOptionsViewController.xib */ = {isa = PBXFileReference; fileEncoding = 4; lastKnownFileType = file.xib; path = KVMOptionsViewController.xib; sourceTree = "<group>"; };
		17CC53ED1860ECB60009435C /* QuartzCore.framework */ = {isa = PBXFileReference; lastKnownFileType = wrapper.framework; name = QuartzCore.framework; path = System/Library/Frameworks/QuartzCore.framework; sourceTree = SDKROOT; };
		17CC543C186116520009435C /* Tenorion Icon 29.png */ = {isa = PBXFileReference; lastKnownFileType = image.png; path = "Tenorion Icon 29.png"; sourceTree = "<group>"; };
		17CC543D186116520009435C /* Tenorion Icon 40.png */ = {isa = PBXFileReference; lastKnownFileType = image.png; path = "Tenorion Icon 40.png"; sourceTree = "<group>"; };
		17CC543E186116520009435C /* Tenorion Icon 50.png */ = {isa = PBXFileReference; lastKnownFileType = image.png; path = "Tenorion Icon 50.png"; sourceTree = "<group>"; };
		17CC543F186116520009435C /* Tenorion Icon 57.png */ = {isa = PBXFileReference; lastKnownFileType = image.png; path = "Tenorion Icon 57.png"; sourceTree = "<group>"; };
		17CC5440186116520009435C /* Tenorion Icon 58.png */ = {isa = PBXFileReference; lastKnownFileType = image.png; path = "Tenorion Icon 58.png"; sourceTree = "<group>"; };
		17CC5442186116520009435C /* Tenorion Icon 72.png */ = {isa = PBXFileReference; lastKnownFileType = image.png; path = "Tenorion Icon 72.png"; sourceTree = "<group>"; };
		17CC5443186116520009435C /* Tenorion Icon 76.png */ = {isa = PBXFileReference; lastKnownFileType = image.png; path = "Tenorion Icon 76.png"; sourceTree = "<group>"; };
		17CC5444186116520009435C /* Tenorion Icon 80.png */ = {isa = PBXFileReference; lastKnownFileType = image.png; path = "Tenorion Icon 80.png"; sourceTree = "<group>"; };
		17CC5445186116520009435C /* Tenorion Icon 100.png */ = {isa = PBXFileReference; lastKnownFileType = image.png; path = "Tenorion Icon 100.png"; sourceTree = "<group>"; };
		17CC5446186116520009435C /* Tenorion Icon 114.png */ = {isa = PBXFileReference; lastKnownFileType = image.png; path = "Tenorion Icon 114.png"; sourceTree = "<group>"; };
		17CC5447186116520009435C /* Tenorion Icon 120.png */ = {isa = PBXFileReference; lastKnownFileType = image.png; path = "Tenorion Icon 120.png"; sourceTree = "<group>"; };
		17CC5448186116520009435C /* Tenorion Icon 144.png */ = {isa = PBXFileReference; lastKnownFileType = image.png; path = "Tenorion Icon 144.png"; sourceTree = "<group>"; };
		17CC5449186116520009435C /* Tenorion Icon 152.png */ = {isa = PBXFileReference; lastKnownFileType = image.png; path = "Tenorion Icon 152.png"; sourceTree = "<group>"; };
		17D0B6E1185299C700BEA0E2 /* KVMRipple.h */ = {isa = PBXFileReference; fileEncoding = 4; lastKnownFileType = sourcecode.c.h; path = KVMRipple.h; sourceTree = "<group>"; };
		17D0B6E2185299C700BEA0E2 /* KVMRipple.m */ = {isa = PBXFileReference; fileEncoding = 4; lastKnownFileType = sourcecode.c.objc; path = KVMRipple.m; sourceTree = "<group>"; };
/* End PBXFileReference section */

/* Begin PBXFrameworksBuildPhase section */
		17B4497F18260E4E002D31C6 /* Frameworks */ = {
			isa = PBXFrameworksBuildPhase;
			buildActionMask = 2147483647;
			files = (
				17CC53EE1860ECB60009435C /* QuartzCore.framework in Frameworks */,
				17A2FC2618309140008515F1 /* AVFoundation.framework in Frameworks */,
				17B4498818260E4E002D31C6 /* CoreGraphics.framework in Frameworks */,
				17B4498A18260E4E002D31C6 /* UIKit.framework in Frameworks */,
				17B4498618260E4E002D31C6 /* Foundation.framework in Frameworks */,
			);
			runOnlyForDeploymentPostprocessing = 0;
		};
		17B4499A18260E4E002D31C6 /* Frameworks */ = {
			isa = PBXFrameworksBuildPhase;
			buildActionMask = 2147483647;
			files = (
				17B4499F18260E4E002D31C6 /* XCTest.framework in Frameworks */,
				17B449A118260E4E002D31C6 /* UIKit.framework in Frameworks */,
				17B449A018260E4E002D31C6 /* Foundation.framework in Frameworks */,
			);
			runOnlyForDeploymentPostprocessing = 0;
		};
/* End PBXFrameworksBuildPhase section */

/* Begin PBXGroup section */
		17188EFC184ED18900F444C2 /* piano */ = {
			isa = PBXGroup;
			children = (
				17188EF4184ED12A00F444C2 /* d5.wav */,
				17188EF5184ED12A00F444C2 /* e5.wav */,
				17188EF6184ED12A00F444C2 /* f#5.wav */,
				17188EF7184ED12A00F444C2 /* g5.wav */,
				17188EEC184ED10D00F444C2 /* d3.wav */,
				17188EED184ED10D00F444C2 /* e3.wav */,
				17188EEE184ED10D00F444C2 /* f#3.wav */,
				17188EEF184ED10D00F444C2 /* g3.wav */,
				17188EE6184ED0FD00F444C2 /* ab2.wav */,
				17188EE7184ED0FD00F444C2 /* bb2.wav */,
				17188EE8184ED0FD00F444C2 /* eb2.wav */,
				17188EE0184ED0E900F444C2 /* ab4.wav */,
				17188EE1184ED0E900F444C2 /* bb4.wav */,
				17188EE2184ED0E900F444C2 /* eb4.wav */,
				17188ED0184EAB5200F444C2 /* a2.wav */,
				17188ED1184EAB5200F444C2 /* b2.wav */,
				17188ED2184EAB5200F444C2 /* c2.wav */,
				17188ED3184EAB5200F444C2 /* c3.wav */,
				17188ED4184EAB5200F444C2 /* d2.wav */,
				17188ED5184EAB5200F444C2 /* e2.wav */,
				17188ED6184EAB5200F444C2 /* f2.wav */,
				17188ED7184EAB5200F444C2 /* g2.wav */,
				17188EBF184E9B0100F444C2 /* a4.wav */,
				17188EC0184E9B0100F444C2 /* b4.wav */,
				17188EC1184E9B0100F444C2 /* c4.wav */,
				17188EC2184E9B0100F444C2 /* c5.wav */,
				17188EC3184E9B0100F444C2 /* d4.wav */,
				17188EC4184E9B0100F444C2 /* e4.wav */,
				17188EC5184E9B0100F444C2 /* f4.wav */,
				17188EBD184E9A0000F444C2 /* g4.wav */,
			);
			name = piano;
			sourceTree = "<group>";
		};
		17188EFD184ED7C500F444C2 /* drum */ = {
			isa = PBXGroup;
			children = (
				17188EFE184ED7DF00F444C2 /* cymhigh.wav */,
				17188EFF184ED7DF00F444C2 /* hhat.wav */,
				17188F00184ED7DF00F444C2 /* kick.wav */,
				17188F01184ED7DF00F444C2 /* rim.wav */,
				17188F02184ED7DF00F444C2 /* snare.wav */,
				17188F03184ED7DF00F444C2 /* stick.wav */,
				17188F04184ED7DF00F444C2 /* tomhi.wav */,
				17188F05184ED7DF00F444C2 /* tommed.wav */,
			);
			name = drum;
			sourceTree = "<group>";
		};
		17188F0E184EEA2500F444C2 /* guitar */ = {
			isa = PBXGroup;
			children = (
				178419F5184FC5CA00AF177B /* a2guitar.wav */,
				178419F6184FC5CA00AF177B /* b2guitar.wav */,
				178419F7184FC5CA00AF177B /* e2guitar.wav */,
				178419F8184FC5CA00AF177B /* f2guitar.wav */,
				178419F9184FC5CA00AF177B /* g2guitar.wav */,
				178419F3184FC4A800AF177B /* f#3guitar.wav */,
				178419E7184FC49900AF177B /* a1guitar.wav */,
				178419E8184FC49900AF177B /* b1guitar.wav */,
				178419E9184FC49900AF177B /* c1guitar.wav */,
				178419EA184FC49900AF177B /* d1guitar.wav */,
				178419EB184FC49900AF177B /* f#2guitar.wav */,
				178419EC184FC49900AF177B /* g1guitar.wav */,
				178419D7184FC47C00AF177B /* a3guitar.wav */,
				178419D8184FC47C00AF177B /* b3guitar.wav */,
				178419D9184FC47C00AF177B /* c2guitar.wav */,
				178419DA184FC47C00AF177B /* c3guitar.wav */,
				178419DB184FC47C00AF177B /* d2guitar.wav */,
				178419DC184FC47C00AF177B /* e3guitar.wav */,
				178419DD184FC47C00AF177B /* f3guitar.wav */,
				178419DE184FC47C00AF177B /* g3guitar.wav */,
				178419D1184FC46700AF177B /* ab3guitar.wav */,
				178419D2184FC46700AF177B /* bb3guitar.wav */,
				178419D3184FC46700AF177B /* eb2guitar.wav */,
				178419CB184FC44C00AF177B /* ab2guitar.wav */,
				178419CC184FC44C00AF177B /* bb2guitar.wav */,
				178419CD184FC44C00AF177B /* eb1guitar.wav */,
			);
			name = guitar;
			sourceTree = "<group>";
		};
		17841A0A184FCD3D00AF177B /* ToneGroups */ = {
			isa = PBXGroup;
			children = (
				17188ECD184E9B4900F444C2 /* KVMToneGroups.h */,
				17188ECE184E9B4900F444C2 /* KVMToneGroups.m */,
				178419FF184FC80300AF177B /* KVMPianoTones.h */,
				17841A00184FC80300AF177B /* KVMPianoTones.m */,
				17841A02184FCA3000AF177B /* KVMGuitarTones.h */,
				17841A03184FCA3000AF177B /* KVMGuitarTones.m */,
				17841A06184FCADA00AF177B /* KVMTones.h */,
				17841A07184FCBF200AF177B /* KVMDrumTones.h */,
				17841A08184FCBF200AF177B /* KVMDrumTones.m */,
			);
			name = ToneGroups;
			sourceTree = "<group>";
		};
		17841A0B184FCD4D00AF177B /* static */ = {
			isa = PBXGroup;
			children = (
				17A2FC2418308DEB008515F1 /* tones */,
				17A2FC2318308DD6008515F1 /* images */,
			);
			name = static;
			sourceTree = "<group>";
		};
		17A2FC2318308DD6008515F1 /* images */ = {
			isa = PBXGroup;
			children = (
				17CC5458186116B70009435C /* icons */,
				1773ED0D182DA86F009847EA /* bass.png */,
				1773ED0B182DA858009847EA /* treble.png */,
				1773ED03182DA248009847EA /* drum.png */,
				1773ED04182DA248009847EA /* guitar.png */,
				1773ED05182DA248009847EA /* microphone.png */,
				1773ED06182DA248009847EA /* piano.png */,
				17CA69DC182CA4A500D85596 /* arrow.png */,
			);
			name = images;
			sourceTree = "<group>";
		};
		17A2FC2418308DEB008515F1 /* tones */ = {
			isa = PBXGroup;
			children = (
				17188F0E184EEA2500F444C2 /* guitar */,
				17188EFD184ED7C500F444C2 /* drum */,
				17188EFC184ED18900F444C2 /* piano */,
			);
			name = tones;
			sourceTree = "<group>";
		};
		17B4497918260E4E002D31C6 = {
			isa = PBXGroup;
			children = (
				17B4498B18260E4E002D31C6 /* Tenorion */,
				17B449A418260E4E002D31C6 /* TenorionTests */,
				17B4498418260E4E002D31C6 /* Frameworks */,
				17B4498318260E4E002D31C6 /* Products */,
			);
			sourceTree = "<group>";
		};
		17B4498318260E4E002D31C6 /* Products */ = {
			isa = PBXGroup;
			children = (
				17B4498218260E4E002D31C6 /* Tenorion.app */,
				17B4499D18260E4E002D31C6 /* TenorionTests.xctest */,
			);
			name = Products;
			sourceTree = "<group>";
		};
		17B4498418260E4E002D31C6 /* Frameworks */ = {
			isa = PBXGroup;
			children = (
				17CC53ED1860ECB60009435C /* QuartzCore.framework */,
				17A2FC2518309140008515F1 /* AVFoundation.framework */,
				178341BC182AE33000ADF751 /* AudioToolbox.framework */,
				17B4498518260E4E002D31C6 /* Foundation.framework */,
				17B4498718260E4E002D31C6 /* CoreGraphics.framework */,
				17B4498918260E4E002D31C6 /* UIKit.framework */,
				17B4499E18260E4E002D31C6 /* XCTest.framework */,
			);
			name = Frameworks;
			sourceTree = "<group>";
		};
		17B4498B18260E4E002D31C6 /* Tenorion */ = {
			isa = PBXGroup;
			children = (
				17841A0B184FCD4D00AF177B /* static */,
				17841A0A184FCD3D00AF177B /* ToneGroups */,
				17B449B418260EE2002D31C6 /* KVMMainViewController.h */,
				17B449B518260EE2002D31C6 /* KVMMainViewController.m */,
				17B449B618260EE2002D31C6 /* KVMMainViewController.xib */,
				17B4499418260E4E002D31C6 /* KVMAppDelegate.h */,
				17B4499518260E4E002D31C6 /* KVMAppDelegate.m */,
				17B4499718260E4E002D31C6 /* Images.xcassets */,
				17B4498C18260E4E002D31C6 /* Supporting Files */,
				178341B6182ABD4700ADF751 /* KVMSwitch.h */,
				178341B7182ABD4700ADF751 /* KVMSwitch.m */,
				178341C4182B4CBF00ADF751 /* KVMLayer.h */,
				178341C5182B4CBF00ADF751 /* KVMLayer.m */,
				17CA69CA182C3AC500D85596 /* KVMPlayer.h */,
				17CA69CB182C3AC500D85596 /* KVMPlayer.m */,
				17CA69CD182C3B5600D85596 /* KVMLayerManager.h */,
				17CA69CE182C3B5600D85596 /* KVMLayerManager.m */,
				17CA69DE182CBD1900D85596 /* KVMOptionsViewController.h */,
				17CA69DF182CBD1900D85596 /* KVMOptionsViewController.m */,
				17CA69E0182CBD1900D85596 /* KVMOptionsViewController.xib */,
				17A2FC2A183091CC008515F1 /* SoundManager.h */,
				17A2FC2B183091CC008515F1 /* SoundManager.m */,
				17D0B6E1185299C700BEA0E2 /* KVMRipple.h */,
				17D0B6E2185299C700BEA0E2 /* KVMRipple.m */,
			);
			path = Tenorion;
			sourceTree = "<group>";
		};
		17B4498C18260E4E002D31C6 /* Supporting Files */ = {
			isa = PBXGroup;
			children = (
				17B4498D18260E4E002D31C6 /* Tenorion-Info.plist */,
				17B4498E18260E4E002D31C6 /* InfoPlist.strings */,
				17B4499118260E4E002D31C6 /* main.m */,
				17B4499318260E4E002D31C6 /* Tenorion-Prefix.pch */,
			);
			name = "Supporting Files";
			sourceTree = "<group>";
		};
		17B449A418260E4E002D31C6 /* TenorionTests */ = {
			isa = PBXGroup;
			children = (
				17B449AA18260E4E002D31C6 /* TenorionTests.m */,
				17B449A518260E4E002D31C6 /* Supporting Files */,
			);
			path = TenorionTests;
			sourceTree = "<group>";
		};
		17B449A518260E4E002D31C6 /* Supporting Files */ = {
			isa = PBXGroup;
			children = (
				17B449A618260E4E002D31C6 /* TenorionTests-Info.plist */,
				17B449A718260E4E002D31C6 /* InfoPlist.strings */,
			);
			name = "Supporting Files";
			sourceTree = "<group>";
		};
		17CC5458186116B70009435C /* icons */ = {
			isa = PBXGroup;
			children = (
				17CC543C186116520009435C /* Tenorion Icon 29.png */,
				17CC543D186116520009435C /* Tenorion Icon 40.png */,
				17CC543E186116520009435C /* Tenorion Icon 50.png */,
				17CC543F186116520009435C /* Tenorion Icon 57.png */,
				17CC5440186116520009435C /* Tenorion Icon 58.png */,
				17CC5442186116520009435C /* Tenorion Icon 72.png */,
				17CC5443186116520009435C /* Tenorion Icon 76.png */,
				17CC5444186116520009435C /* Tenorion Icon 80.png */,
				17CC5445186116520009435C /* Tenorion Icon 100.png */,
				17CC5446186116520009435C /* Tenorion Icon 114.png */,
				17CC5447186116520009435C /* Tenorion Icon 120.png */,
				17CC5448186116520009435C /* Tenorion Icon 144.png */,
				17CC5449186116520009435C /* Tenorion Icon 152.png */,
			);
			name = icons;
			sourceTree = "<group>";
		};
/* End PBXGroup section */

/* Begin PBXNativeTarget section */
		17B4498118260E4E002D31C6 /* Tenorion */ = {
			isa = PBXNativeTarget;
			buildConfigurationList = 17B449AE18260E4E002D31C6 /* Build configuration list for PBXNativeTarget "Tenorion" */;
			buildPhases = (
				17B4497E18260E4E002D31C6 /* Sources */,
				17B4497F18260E4E002D31C6 /* Frameworks */,
				17B4498018260E4E002D31C6 /* Resources */,
			);
			buildRules = (
			);
			dependencies = (
			);
			name = Tenorion;
			productName = Tenorion;
			productReference = 17B4498218260E4E002D31C6 /* Tenorion.app */;
			productType = "com.apple.product-type.application";
		};
		17B4499C18260E4E002D31C6 /* TenorionTests */ = {
			isa = PBXNativeTarget;
			buildConfigurationList = 17B449B118260E4E002D31C6 /* Build configuration list for PBXNativeTarget "TenorionTests" */;
			buildPhases = (
				17B4499918260E4E002D31C6 /* Sources */,
				17B4499A18260E4E002D31C6 /* Frameworks */,
				17B4499B18260E4E002D31C6 /* Resources */,
			);
			buildRules = (
			);
			dependencies = (
				17B449A318260E4E002D31C6 /* PBXTargetDependency */,
			);
			name = TenorionTests;
			productName = TenorionTests;
			productReference = 17B4499D18260E4E002D31C6 /* TenorionTests.xctest */;
			productType = "com.apple.product-type.bundle.unit-test";
		};
/* End PBXNativeTarget section */

/* Begin PBXProject section */
		17B4497A18260E4E002D31C6 /* Project object */ = {
			isa = PBXProject;
			attributes = {
				CLASSPREFIX = KVM;
				LastUpgradeCheck = 0500;
				ORGANIZATIONNAME = kmerrill27;
				TargetAttributes = {
					17B4498118260E4E002D31C6 = {
						DevelopmentTeam = 422M5JWED5;
					};
					17B4499C18260E4E002D31C6 = {
						TestTargetID = 17B4498118260E4E002D31C6;
					};
				};
			};
			buildConfigurationList = 17B4497D18260E4E002D31C6 /* Build configuration list for PBXProject "Tenorion" */;
			compatibilityVersion = "Xcode 3.2";
			developmentRegion = English;
			hasScannedForEncodings = 0;
			knownRegions = (
				en,
			);
			mainGroup = 17B4497918260E4E002D31C6;
			productRefGroup = 17B4498318260E4E002D31C6 /* Products */;
			projectDirPath = "";
			projectRoot = "";
			targets = (
				17B4498118260E4E002D31C6 /* Tenorion */,
				17B4499C18260E4E002D31C6 /* TenorionTests */,
			);
		};
/* End PBXProject section */

/* Begin PBXResourcesBuildPhase section */
		17B4498018260E4E002D31C6 /* Resources */ = {
			isa = PBXResourcesBuildPhase;
			buildActionMask = 2147483647;
			files = (
				17CC5456186116520009435C /* Tenorion Icon 144.png in Resources */,
				178419CE184FC44C00AF177B /* ab2guitar.wav in Resources */,
				1773ED08182DA248009847EA /* guitar.png in Resources */,
				17188EBE184E9A0000F444C2 /* g4.wav in Resources */,
				17B449B818260EE2002D31C6 /* KVMMainViewController.xib in Resources */,
				1773ED09182DA248009847EA /* microphone.png in Resources */,
				178419D0184FC44C00AF177B /* eb1guitar.wav in Resources */,
				17188EC7184E9B0100F444C2 /* b4.wav in Resources */,
				178419E1184FC47C00AF177B /* c2guitar.wav in Resources */,
				17188EDE184EAB5200F444C2 /* f2.wav in Resources */,
				178419DF184FC47C00AF177B /* a3guitar.wav in Resources */,
				17188EE9184ED0FD00F444C2 /* ab2.wav in Resources */,
				178419E0184FC47C00AF177B /* b3guitar.wav in Resources */,
				17CC5451186116520009435C /* Tenorion Icon 76.png in Resources */,
				178419EE184FC49900AF177B /* b1guitar.wav in Resources */,
				17CC5452186116520009435C /* Tenorion Icon 80.png in Resources */,
				17188ED9184EAB5200F444C2 /* b2.wav in Resources */,
				17188EF2184ED10D00F444C2 /* f#3.wav in Resources */,
				17188EF0184ED10D00F444C2 /* d3.wav in Resources */,
				17CC5453186116520009435C /* Tenorion Icon 100.png in Resources */,
				178419CF184FC44C00AF177B /* bb2guitar.wav in Resources */,
				17188F08184ED7DF00F444C2 /* kick.wav in Resources */,
				178419D4184FC46700AF177B /* ab3guitar.wav in Resources */,
				178419F2184FC49900AF177B /* g1guitar.wav in Resources */,
				178419FA184FC5CA00AF177B /* a2guitar.wav in Resources */,
				17188EE5184ED0E900F444C2 /* eb4.wav in Resources */,
				17188EF9184ED12A00F444C2 /* e5.wav in Resources */,
				17188EC8184E9B0100F444C2 /* c4.wav in Resources */,
				17CC544D186116520009435C /* Tenorion Icon 57.png in Resources */,
				17B4499018260E4E002D31C6 /* InfoPlist.strings in Resources */,
				17CC544B186116520009435C /* Tenorion Icon 40.png in Resources */,
				17188EFA184ED12A00F444C2 /* f#5.wav in Resources */,
				178419FD184FC5CA00AF177B /* f2guitar.wav in Resources */,
				178419D6184FC46700AF177B /* eb2guitar.wav in Resources */,
				178419FC184FC5CA00AF177B /* e2guitar.wav in Resources */,
				17CC5457186116520009435C /* Tenorion Icon 152.png in Resources */,
				178419E6184FC47C00AF177B /* g3guitar.wav in Resources */,
				17CA69DD182CA4A500D85596 /* arrow.png in Resources */,
				17188EC9184E9B0100F444C2 /* c5.wav in Resources */,
				178419E3184FC47C00AF177B /* d2guitar.wav in Resources */,
				17188EC6184E9B0100F444C2 /* a4.wav in Resources */,
				17188F06184ED7DF00F444C2 /* cymhigh.wav in Resources */,
				17188EEA184ED0FD00F444C2 /* bb2.wav in Resources */,
				17CC5454186116520009435C /* Tenorion Icon 114.png in Resources */,
				178419F1184FC49900AF177B /* f#2guitar.wav in Resources */,
				178419FE184FC5CA00AF177B /* g2guitar.wav in Resources */,
				17CA69E2182CBD1900D85596 /* KVMOptionsViewController.xib in Resources */,
				1773ED0A182DA248009847EA /* piano.png in Resources */,
				178419EF184FC49900AF177B /* c1guitar.wav in Resources */,
				17CC544A186116520009435C /* Tenorion Icon 29.png in Resources */,
				17188EDD184EAB5200F444C2 /* e2.wav in Resources */,
				178419E5184FC47C00AF177B /* f3guitar.wav in Resources */,
				178419E4184FC47C00AF177B /* e3guitar.wav in Resources */,
				17188F09184ED7DF00F444C2 /* rim.wav in Resources */,
				17CC544C186116520009435C /* Tenorion Icon 50.png in Resources */,
				1773ED0E182DA86F009847EA /* bass.png in Resources */,
				178419ED184FC49900AF177B /* a1guitar.wav in Resources */,
				17188EF3184ED10D00F444C2 /* g3.wav in Resources */,
				17188ECC184E9B0100F444C2 /* f4.wav in Resources */,
				1773ED0C182DA858009847EA /* treble.png in Resources */,
				17188EEB184ED0FD00F444C2 /* eb2.wav in Resources */,
				17188EDA184EAB5200F444C2 /* c2.wav in Resources */,
				17188F07184ED7DF00F444C2 /* hhat.wav in Resources */,
				17188EE3184ED0E900F444C2 /* ab4.wav in Resources */,
				17188EDB184EAB5200F444C2 /* c3.wav in Resources */,
				17188ECA184E9B0100F444C2 /* d4.wav in Resources */,
				178419F0184FC49900AF177B /* d1guitar.wav in Resources */,
				17188EFB184ED12A00F444C2 /* g5.wav in Resources */,
				17188F0B184ED7DF00F444C2 /* stick.wav in Resources */,
				178419FB184FC5CA00AF177B /* b2guitar.wav in Resources */,
				17CC5450186116520009435C /* Tenorion Icon 72.png in Resources */,
				178419F4184FC4A800AF177B /* f#3guitar.wav in Resources */,
				17188F0D184ED7DF00F444C2 /* tommed.wav in Resources */,
				178419E2184FC47C00AF177B /* c3guitar.wav in Resources */,
				17188F0A184ED7DF00F444C2 /* snare.wav in Resources */,
				17188F0C184ED7DF00F444C2 /* tomhi.wav in Resources */,
				178419D5184FC46700AF177B /* bb3guitar.wav in Resources */,
				17188EF1184ED10D00F444C2 /* e3.wav in Resources */,
				17CC5455186116520009435C /* Tenorion Icon 120.png in Resources */,
				17B4499818260E4E002D31C6 /* Images.xcassets in Resources */,
				17188EE4184ED0E900F444C2 /* bb4.wav in Resources */,
				1773ED07182DA248009847EA /* drum.png in Resources */,
				17188EDC184EAB5200F444C2 /* d2.wav in Resources */,
				17CC544E186116520009435C /* Tenorion Icon 58.png in Resources */,
				17188EF8184ED12A00F444C2 /* d5.wav in Resources */,
				17188ED8184EAB5200F444C2 /* a2.wav in Resources */,
				17188EDF184EAB5200F444C2 /* g2.wav in Resources */,
				17188ECB184E9B0100F444C2 /* e4.wav in Resources */,
			);
			runOnlyForDeploymentPostprocessing = 0;
		};
		17B4499B18260E4E002D31C6 /* Resources */ = {
			isa = PBXResourcesBuildPhase;
			buildActionMask = 2147483647;
			files = (
				17B449A918260E4E002D31C6 /* InfoPlist.strings in Resources */,
			);
			runOnlyForDeploymentPostprocessing = 0;
		};
/* End PBXResourcesBuildPhase section */

/* Begin PBXSourcesBuildPhase section */
		17B4497E18260E4E002D31C6 /* Sources */ = {
			isa = PBXSourcesBuildPhase;
			buildActionMask = 2147483647;
			files = (
				17D0B6E3185299C700BEA0E2 /* KVMRipple.m in Sources */,
				178341B8182ABD4700ADF751 /* KVMSwitch.m in Sources */,
				17CA69CC182C3AC500D85596 /* KVMPlayer.m in Sources */,
				17841A09184FCBF200AF177B /* KVMDrumTones.m in Sources */,
				17841A04184FCA3000AF177B /* KVMGuitarTones.m in Sources */,
				17CA69E1182CBD1900D85596 /* KVMOptionsViewController.m in Sources */,
				17CA69CF182C3B5600D85596 /* KVMLayerManager.m in Sources */,
				178341C6182B4CBF00ADF751 /* KVMLayer.m in Sources */,
				17B4499218260E4E002D31C6 /* main.m in Sources */,
				17188ECF184E9B4900F444C2 /* KVMToneGroups.m in Sources */,
				17841A01184FC80300AF177B /* KVMPianoTones.m in Sources */,
				17B4499618260E4E002D31C6 /* KVMAppDelegate.m in Sources */,
				17B449B718260EE2002D31C6 /* KVMMainViewController.m in Sources */,
				17A2FC2C183091CC008515F1 /* SoundManager.m in Sources */,
			);
			runOnlyForDeploymentPostprocessing = 0;
		};
		17B4499918260E4E002D31C6 /* Sources */ = {
			isa = PBXSourcesBuildPhase;
			buildActionMask = 2147483647;
			files = (
				17B449AB18260E4E002D31C6 /* TenorionTests.m in Sources */,
			);
			runOnlyForDeploymentPostprocessing = 0;
		};
/* End PBXSourcesBuildPhase section */

/* Begin PBXTargetDependency section */
		17B449A318260E4E002D31C6 /* PBXTargetDependency */ = {
			isa = PBXTargetDependency;
			target = 17B4498118260E4E002D31C6 /* Tenorion */;
			targetProxy = 17B449A218260E4E002D31C6 /* PBXContainerItemProxy */;
		};
/* End PBXTargetDependency section */

/* Begin PBXVariantGroup section */
		17B4498E18260E4E002D31C6 /* InfoPlist.strings */ = {
			isa = PBXVariantGroup;
			children = (
				17B4498F18260E4E002D31C6 /* en */,
			);
			name = InfoPlist.strings;
			sourceTree = "<group>";
		};
		17B449A718260E4E002D31C6 /* InfoPlist.strings */ = {
			isa = PBXVariantGroup;
			children = (
				17B449A818260E4E002D31C6 /* en */,
			);
			name = InfoPlist.strings;
			sourceTree = "<group>";
		};
/* End PBXVariantGroup section */

/* Begin XCBuildConfiguration section */
		17B449AC18260E4E002D31C6 /* Debug */ = {
			isa = XCBuildConfiguration;
			buildSettings = {
				ALWAYS_SEARCH_USER_PATHS = NO;
				ARCHS = "$(ARCHS_STANDARD_INCLUDING_64_BIT)";
				CLANG_CXX_LANGUAGE_STANDARD = "gnu++0x";
				CLANG_CXX_LIBRARY = "libc++";
				CLANG_ENABLE_MODULES = YES;
				CLANG_ENABLE_OBJC_ARC = YES;
				CLANG_WARN_BOOL_CONVERSION = YES;
				CLANG_WARN_CONSTANT_CONVERSION = YES;
				CLANG_WARN_DIRECT_OBJC_ISA_USAGE = YES_ERROR;
				CLANG_WARN_EMPTY_BODY = YES;
				CLANG_WARN_ENUM_CONVERSION = YES;
				CLANG_WARN_INT_CONVERSION = YES;
				CLANG_WARN_OBJC_ROOT_CLASS = YES_ERROR;
				CLANG_WARN__DUPLICATE_METHOD_MATCH = YES;
				"CODE_SIGN_IDENTITY[sdk=iphoneos*]" = "iPhone Developer";
				COPY_PHASE_STRIP = NO;
				GCC_C_LANGUAGE_STANDARD = gnu99;
				GCC_DYNAMIC_NO_PIC = NO;
				GCC_OPTIMIZATION_LEVEL = 0;
				GCC_PREPROCESSOR_DEFINITIONS = (
					"DEBUG=1",
					"$(inherited)",
				);
				GCC_SYMBOLS_PRIVATE_EXTERN = NO;
				GCC_WARN_64_TO_32_BIT_CONVERSION = YES;
				GCC_WARN_ABOUT_RETURN_TYPE = YES_ERROR;
				GCC_WARN_UNDECLARED_SELECTOR = YES;
				GCC_WARN_UNINITIALIZED_AUTOS = YES;
				GCC_WARN_UNUSED_FUNCTION = YES;
				GCC_WARN_UNUSED_VARIABLE = YES;
				IPHONEOS_DEPLOYMENT_TARGET = 7.0;
				ONLY_ACTIVE_ARCH = YES;
				SDKROOT = iphoneos;
			};
			name = Debug;
		};
		17B449AD18260E4E002D31C6 /* Release */ = {
			isa = XCBuildConfiguration;
			buildSettings = {
				ALWAYS_SEARCH_USER_PATHS = NO;
				ARCHS = "$(ARCHS_STANDARD_INCLUDING_64_BIT)";
				CLANG_CXX_LANGUAGE_STANDARD = "gnu++0x";
				CLANG_CXX_LIBRARY = "libc++";
				CLANG_ENABLE_MODULES = YES;
				CLANG_ENABLE_OBJC_ARC = YES;
				CLANG_WARN_BOOL_CONVERSION = YES;
				CLANG_WARN_CONSTANT_CONVERSION = YES;
				CLANG_WARN_DIRECT_OBJC_ISA_USAGE = YES_ERROR;
				CLANG_WARN_EMPTY_BODY = YES;
				CLANG_WARN_ENUM_CONVERSION = YES;
				CLANG_WARN_INT_CONVERSION = YES;
				CLANG_WARN_OBJC_ROOT_CLASS = YES_ERROR;
				CLANG_WARN__DUPLICATE_METHOD_MATCH = YES;
				"CODE_SIGN_IDENTITY[sdk=iphoneos*]" = "iPhone Developer";
				COPY_PHASE_STRIP = YES;
				ENABLE_NS_ASSERTIONS = NO;
				GCC_C_LANGUAGE_STANDARD = gnu99;
				GCC_WARN_64_TO_32_BIT_CONVERSION = YES;
				GCC_WARN_ABOUT_RETURN_TYPE = YES_ERROR;
				GCC_WARN_UNDECLARED_SELECTOR = YES;
				GCC_WARN_UNINITIALIZED_AUTOS = YES;
				GCC_WARN_UNUSED_FUNCTION = YES;
				GCC_WARN_UNUSED_VARIABLE = YES;
				IPHONEOS_DEPLOYMENT_TARGET = 7.0;
				SDKROOT = iphoneos;
				VALIDATE_PRODUCT = YES;
			};
			name = Release;
		};
		17B449AF18260E4E002D31C6 /* Debug */ = {
			isa = XCBuildConfiguration;
			buildSettings = {
				ASSETCATALOG_COMPILER_APPICON_NAME = AppIcon;
				ASSETCATALOG_COMPILER_LAUNCHIMAGE_NAME = LaunchImage;
				CODE_SIGN_IDENTITY = "iPhone Developer";
				"CODE_SIGN_IDENTITY[sdk=iphoneos*]" = "iPhone Developer";
				GCC_PRECOMPILE_PREFIX_HEADER = YES;
				GCC_PREFIX_HEADER = "Tenorion/Tenorion-Prefix.pch";
				INFOPLIST_FILE = "Tenorion/Tenorion-Info.plist";
				PRODUCT_NAME = "$(TARGET_NAME)";
				PROVISIONING_PROFILE = "";
				TARGETED_DEVICE_FAMILY = 1;
				WRAPPER_EXTENSION = app;
			};
			name = Debug;
		};
		17B449B018260E4E002D31C6 /* Release */ = {
			isa = XCBuildConfiguration;
			buildSettings = {
				ASSETCATALOG_COMPILER_APPICON_NAME = AppIcon;
				ASSETCATALOG_COMPILER_LAUNCHIMAGE_NAME = LaunchImage;
				CODE_SIGN_IDENTITY = "iPhone Developer";
				"CODE_SIGN_IDENTITY[sdk=iphoneos*]" = "iPhone Developer";
				GCC_PRECOMPILE_PREFIX_HEADER = YES;
				GCC_PREFIX_HEADER = "Tenorion/Tenorion-Prefix.pch";
				INFOPLIST_FILE = "Tenorion/Tenorion-Info.plist";
				PRODUCT_NAME = "$(TARGET_NAME)";
				PROVISIONING_PROFILE = "";
				TARGETED_DEVICE_FAMILY = 1;
				WRAPPER_EXTENSION = app;
			};
			name = Release;
		};
		17B449B218260E4E002D31C6 /* Debug */ = {
			isa = XCBuildConfiguration;
			buildSettings = {
				ARCHS = "$(ARCHS_STANDARD_INCLUDING_64_BIT)";
				BUNDLE_LOADER = "$(BUILT_PRODUCTS_DIR)/Tenorion.app/Tenorion";
				FRAMEWORK_SEARCH_PATHS = (
					"$(SDKROOT)/Developer/Library/Frameworks",
					"$(inherited)",
					"$(DEVELOPER_FRAMEWORKS_DIR)",
				);
				GCC_PRECOMPILE_PREFIX_HEADER = YES;
				GCC_PREFIX_HEADER = "Tenorion/Tenorion-Prefix.pch";
				GCC_PREPROCESSOR_DEFINITIONS = (
					"DEBUG=1",
					"$(inherited)",
				);
				INFOPLIST_FILE = "TenorionTests/TenorionTests-Info.plist";
				PRODUCT_NAME = "$(TARGET_NAME)";
				TEST_HOST = "$(BUNDLE_LOADER)";
				WRAPPER_EXTENSION = xctest;
			};
			name = Debug;
		};
		17B449B318260E4E002D31C6 /* Release */ = {
			isa = XCBuildConfiguration;
			buildSettings = {
				ARCHS = "$(ARCHS_STANDARD_INCLUDING_64_BIT)";
				BUNDLE_LOADER = "$(BUILT_PRODUCTS_DIR)/Tenorion.app/Tenorion";
				FRAMEWORK_SEARCH_PATHS = (
					"$(SDKROOT)/Developer/Library/Frameworks",
					"$(inherited)",
					"$(DEVELOPER_FRAMEWORKS_DIR)",
				);
				GCC_PRECOMPILE_PREFIX_HEADER = YES;
				GCC_PREFIX_HEADER = "Tenorion/Tenorion-Prefix.pch";
				INFOPLIST_FILE = "TenorionTests/TenorionTests-Info.plist";
				PRODUCT_NAME = "$(TARGET_NAME)";
				TEST_HOST = "$(BUNDLE_LOADER)";
				WRAPPER_EXTENSION = xctest;
			};
			name = Release;
		};
/* End XCBuildConfiguration section */

/* Begin XCConfigurationList section */
		17B4497D18260E4E002D31C6 /* Build configuration list for PBXProject "Tenorion" */ = {
			isa = XCConfigurationList;
			buildConfigurations = (
				17B449AC18260E4E002D31C6 /* Debug */,
				17B449AD18260E4E002D31C6 /* Release */,
			);
			defaultConfigurationIsVisible = 0;
			defaultConfigurationName = Release;
		};
		17B449AE18260E4E002D31C6 /* Build configuration list for PBXNativeTarget "Tenorion" */ = {
			isa = XCConfigurationList;
			buildConfigurations = (
				17B449AF18260E4E002D31C6 /* Debug */,
				17B449B018260E4E002D31C6 /* Release */,
			);
			defaultConfigurationIsVisible = 0;
			defaultConfigurationName = Release;
		};
		17B449B118260E4E002D31C6 /* Build configuration list for PBXNativeTarget "TenorionTests" */ = {
			isa = XCConfigurationList;
			buildConfigurations = (
				17B449B218260E4E002D31C6 /* Debug */,
				17B449B318260E4E002D31C6 /* Release */,
			);
			defaultConfigurationIsVisible = 0;
			defaultConfigurationName = Release;
		};
/* End XCConfigurationList section */
	};
	rootObject = 17B4497A18260E4E002D31C6 /* Project object */;
}
